// !$*UTF8*$!
{
	archiveVersion = 1;
	classes = {
	};
	objectVersion = 50;
	objects = {

/* Begin PBXBuildFile section */
		2ADBD8090DF9A600CBDFC441 /* Pods_metawallet.framework in Frameworks */ = {isa = PBXBuildFile; fileRef = E42A71E7E8861CA64DFC23D0 /* Pods_metawallet.framework */; };
		811D99CD21EF2D9C002C15F7 /* WebKitHelper.swift in Sources */ = {isa = PBXBuildFile; fileRef = 811D99CC21EF2D9B002C15F7 /* WebKitHelper.swift */; };
		8140EF2021C90DAD00D8B149 /* APIClient.swift in Sources */ = {isa = PBXBuildFile; fileRef = 8140EF1F21C90DAD00D8B149 /* APIClient.swift */; };
		815CD0BF21DD73E200D6EB39 /* Storage.swift in Sources */ = {isa = PBXBuildFile; fileRef = 815CD0BE21DD73E200D6EB39 /* Storage.swift */; };
		815FEF6021C214A10044AB5F /* BridgeCommander.js in Resources */ = {isa = PBXBuildFile; fileRef = 815FEF5E21C214A10044AB5F /* BridgeCommander.js */; };
		815FEF6121C214A10044AB5F /* BridgeCommander.swift in Sources */ = {isa = PBXBuildFile; fileRef = 815FEF5F21C214A10044AB5F /* BridgeCommander.swift */; };
		816937A62206E17E008B81EC /* BTCBitcoinURL.m in Sources */ = {isa = PBXBuildFile; fileRef = 816937192206E174008B81EC /* BTCBitcoinURL.m */; };
		816937A72206E17E008B81EC /* BTCCurvePoint+Tests.m in Sources */ = {isa = PBXBuildFile; fileRef = 8169371A2206E174008B81EC /* BTCCurvePoint+Tests.m */; };
		816937A82206E17E008B81EC /* BTCKeychain+Tests.m in Sources */ = {isa = PBXBuildFile; fileRef = 8169371F2206E174008B81EC /* BTCKeychain+Tests.m */; };
		816937A92206E17E008B81EC /* BTCScript.m in Sources */ = {isa = PBXBuildFile; fileRef = 816937202206E174008B81EC /* BTCScript.m */; };
		816937AA2206E17E008B81EC /* BTCMerkleTree.m in Sources */ = {isa = PBXBuildFile; fileRef = 816937252206E174008B81EC /* BTCMerkleTree.m */; };
		816937AB2206E17E008B81EC /* BTCBase58.m in Sources */ = {isa = PBXBuildFile; fileRef = 816937262206E174008B81EC /* BTCBase58.m */; };
		816937AC2206E17E008B81EC /* BTCQRCode.m in Sources */ = {isa = PBXBuildFile; fileRef = 816937272206E174008B81EC /* BTCQRCode.m */; };
		816937AD2206E17E008B81EC /* BTCAddress+Tests.m in Sources */ = {isa = PBXBuildFile; fileRef = 816937282206E174008B81EC /* BTCAddress+Tests.m */; };
		816937AE2206E17E008B81EC /* BTCProcessor.m in Sources */ = {isa = PBXBuildFile; fileRef = 8169372A2206E175008B81EC /* BTCProcessor.m */; };
		816937AF2206E17E008B81EC /* BTCHashID.m in Sources */ = {isa = PBXBuildFile; fileRef = 8169372D2206E175008B81EC /* BTCHashID.m */; };
		816937B02206E17E008B81EC /* BTCBlindSignature.m in Sources */ = {isa = PBXBuildFile; fileRef = 8169372E2206E175008B81EC /* BTCBlindSignature.m */; };
		816937B12206E17E008B81EC /* BTCCurrencyConverter+Tests.m in Sources */ = {isa = PBXBuildFile; fileRef = 816937342206E175008B81EC /* BTCCurrencyConverter+Tests.m */; };
		816937B22206E17E008B81EC /* BTC256.m in Sources */ = {isa = PBXBuildFile; fileRef = 816937352206E175008B81EC /* BTC256.m */; };
		816937B32206E17E008B81EC /* BTCFancyEncryptedMessage.m in Sources */ = {isa = PBXBuildFile; fileRef = 816937362206E175008B81EC /* BTCFancyEncryptedMessage.m */; };
		816937B42206E17E008B81EC /* BTCPriceSource.m in Sources */ = {isa = PBXBuildFile; fileRef = 816937382206E175008B81EC /* BTCPriceSource.m */; };
		816937B52206E17E008B81EC /* BTCProtocolSerialization+Tests.m in Sources */ = {isa = PBXBuildFile; fileRef = 8169373A2206E176008B81EC /* BTCProtocolSerialization+Tests.m */; };
		816937B62206E17E008B81EC /* BTCPaymentRequest.m in Sources */ = {isa = PBXBuildFile; fileRef = 8169373B2206E176008B81EC /* BTCPaymentRequest.m */; };
		816937B72206E17E008B81EC /* BTCOpcode.m in Sources */ = {isa = PBXBuildFile; fileRef = 8169373C2206E176008B81EC /* BTCOpcode.m */; };
		816937B82206E17E008B81EC /* BTCAddress.m in Sources */ = {isa = PBXBuildFile; fileRef = 8169373D2206E176008B81EC /* BTCAddress.m */; };
		816937B92206E17E008B81EC /* BTCNetwork.m in Sources */ = {isa = PBXBuildFile; fileRef = 8169373E2206E176008B81EC /* BTCNetwork.m */; };
		816937BA2206E17E008B81EC /* BTCScript+Tests.m in Sources */ = {isa = PBXBuildFile; fileRef = 816937402206E176008B81EC /* BTCScript+Tests.m */; };
		816937BB2206E17E008B81EC /* BTCTransaction.m in Sources */ = {isa = PBXBuildFile; fileRef = 816937452206E176008B81EC /* BTCTransaction.m */; };
		816937BC2206E17E008B81EC /* BTCAssetType.m in Sources */ = {isa = PBXBuildFile; fileRef = 8169374B2206E177008B81EC /* BTCAssetType.m */; };
		816937BD2206E17E008B81EC /* BTCBlockchainInfo.m in Sources */ = {isa = PBXBuildFile; fileRef = 8169374C2206E177008B81EC /* BTCBlockchainInfo.m */; };
		816937BE2206E17E008B81EC /* BTCOutpoint.m in Sources */ = {isa = PBXBuildFile; fileRef = 8169374E2206E177008B81EC /* BTCOutpoint.m */; };
		816937BF2206E17E008B81EC /* BTCTransactionOutput.m in Sources */ = {isa = PBXBuildFile; fileRef = 816937502206E177008B81EC /* BTCTransactionOutput.m */; };
		816937C02206E17E008B81EC /* BTCEncryptedMessage+Tests.m in Sources */ = {isa = PBXBuildFile; fileRef = 816937542206E178008B81EC /* BTCEncryptedMessage+Tests.m */; };
		816937C12206E17E008B81EC /* BTCNumberFormatter.m in Sources */ = {isa = PBXBuildFile; fileRef = 816937562206E178008B81EC /* BTCNumberFormatter.m */; };
		816937C22206E17E008B81EC /* BTCEncryptedMessage.m in Sources */ = {isa = PBXBuildFile; fileRef = 816937572206E178008B81EC /* BTCEncryptedMessage.m */; };
		816937C32206E17E008B81EC /* BTCPaymentMethod.m in Sources */ = {isa = PBXBuildFile; fileRef = 816937582206E178008B81EC /* BTCPaymentMethod.m */; };
		816937C42206E17E008B81EC /* BTCKeychain.m in Sources */ = {isa = PBXBuildFile; fileRef = 8169375C2206E178008B81EC /* BTCKeychain.m */; };
		816937C52206E17E008B81EC /* BTCBlindSignature+Tests.m in Sources */ = {isa = PBXBuildFile; fileRef = 8169375E2206E178008B81EC /* BTCBlindSignature+Tests.m */; };
		816937C62206E17E008B81EC /* BTCBase58+Tests.m in Sources */ = {isa = PBXBuildFile; fileRef = 8169375F2206E179008B81EC /* BTCBase58+Tests.m */; };
		816937C72206E17E008B81EC /* BTCBlockchainInfo+Tests.m in Sources */ = {isa = PBXBuildFile; fileRef = 816937612206E179008B81EC /* BTCBlockchainInfo+Tests.m */; };
		816937C82206E17E008B81EC /* BTCTransactionInput.m in Sources */ = {isa = PBXBuildFile; fileRef = 816937662206E179008B81EC /* BTCTransactionInput.m */; };
		816937C92206E17E008B81EC /* BTCKey.m in Sources */ = {isa = PBXBuildFile; fileRef = 816937672206E179008B81EC /* BTCKey.m */; };
		816937CA2206E17E008B81EC /* BTCFancyEncryptedMessage+Tests.m in Sources */ = {isa = PBXBuildFile; fileRef = 816937682206E179008B81EC /* BTCFancyEncryptedMessage+Tests.m */; };
		816937CB2206E17E008B81EC /* BTCCurvePoint.m in Sources */ = {isa = PBXBuildFile; fileRef = 816937692206E179008B81EC /* BTCCurvePoint.m */; };
		816937CC2206E17E008B81EC /* BTCBigNumber.m in Sources */ = {isa = PBXBuildFile; fileRef = 8169376A2206E179008B81EC /* BTCBigNumber.m */; };
		816937CD2206E17E008B81EC /* BTCEncryptedBackup.m in Sources */ = {isa = PBXBuildFile; fileRef = 8169376B2206E17A008B81EC /* BTCEncryptedBackup.m */; };
		816937CE2206E17E008B81EC /* BTCMerkleTree+Tests.m in Sources */ = {isa = PBXBuildFile; fileRef = 8169376D2206E17A008B81EC /* BTCMerkleTree+Tests.m */; };
		816937CF2206E17E008B81EC /* BTCPaymentMethodRequest.m in Sources */ = {isa = PBXBuildFile; fileRef = 8169376E2206E17A008B81EC /* BTCPaymentMethodRequest.m */; };
		816937D02206E17E008B81EC /* BTCProtocolSerialization.m in Sources */ = {isa = PBXBuildFile; fileRef = 8169376F2206E17A008B81EC /* BTCProtocolSerialization.m */; };
		816937D12206E17E008B81EC /* BTCMnemonic+Tests.m in Sources */ = {isa = PBXBuildFile; fileRef = 816937742206E17A008B81EC /* BTCMnemonic+Tests.m */; };
		816937D22206E17E008B81EC /* BTCMnemonic.m in Sources */ = {isa = PBXBuildFile; fileRef = 816937752206E17A008B81EC /* BTCMnemonic.m */; };
		816937D32206E17E008B81EC /* NSData+BTCData.m in Sources */ = {isa = PBXBuildFile; fileRef = 816937762206E17A008B81EC /* NSData+BTCData.m */; };
		816937D42206E17E008B81EC /* BTCScriptMachine.m in Sources */ = {isa = PBXBuildFile; fileRef = 816937772206E17B008B81EC /* BTCScriptMachine.m */; };
		816937D52206E17E008B81EC /* BTCKey+Tests.m in Sources */ = {isa = PBXBuildFile; fileRef = 816937782206E17B008B81EC /* BTCKey+Tests.m */; };
		816937D62206E17E008B81EC /* BTCData.m in Sources */ = {isa = PBXBuildFile; fileRef = 8169377A2206E17B008B81EC /* BTCData.m */; };
		816937D72206E17E008B81EC /* BTCTransaction+Tests.m in Sources */ = {isa = PBXBuildFile; fileRef = 8169377B2206E17B008B81EC /* BTCTransaction+Tests.m */; };
		816937D82206E17E008B81EC /* BTCTransactionBuilder.m in Sources */ = {isa = PBXBuildFile; fileRef = 8169377E2206E17B008B81EC /* BTCTransactionBuilder.m */; };
		816937D92206E17E008B81EC /* BTCErrors.m in Sources */ = {isa = PBXBuildFile; fileRef = 816937802206E17B008B81EC /* BTCErrors.m */; };
		816937DA2206E17E008B81EC /* BTCAssetID.m in Sources */ = {isa = PBXBuildFile; fileRef = 816937822206E17B008B81EC /* BTCAssetID.m */; };
		816937DB2206E17E008B81EC /* BTCBlock.m in Sources */ = {isa = PBXBuildFile; fileRef = 816937872206E17C008B81EC /* BTCBlock.m */; };
		816937DC2206E17E008B81EC /* NS+BTCBase58.m in Sources */ = {isa = PBXBuildFile; fileRef = 816937882206E17C008B81EC /* NS+BTCBase58.m */; };
		816937DD2206E17E008B81EC /* BTCData+Tests.m in Sources */ = {isa = PBXBuildFile; fileRef = 8169378A2206E17C008B81EC /* BTCData+Tests.m */; };
		816937DE2206E17E008B81EC /* BTCCurrencyConverter.m in Sources */ = {isa = PBXBuildFile; fileRef = 8169378C2206E17C008B81EC /* BTCCurrencyConverter.m */; };
		816937DF2206E17E008B81EC /* BTCSecretSharing.m in Sources */ = {isa = PBXBuildFile; fileRef = 8169378D2206E17C008B81EC /* BTCSecretSharing.m */; };
		816937E02206E17E008B81EC /* BTCPaymentMethodDetails.m in Sources */ = {isa = PBXBuildFile; fileRef = 8169378E2206E17C008B81EC /* BTCPaymentMethodDetails.m */; };
		816937E12206E17E008B81EC /* BTCAssetAddress.m in Sources */ = {isa = PBXBuildFile; fileRef = 8169378F2206E17C008B81EC /* BTCAssetAddress.m */; };
		816937E22206E17E008B81EC /* BTCProtocolBuffers.m in Sources */ = {isa = PBXBuildFile; fileRef = 816937902206E17D008B81EC /* BTCProtocolBuffers.m */; };
		816937E32206E17E008B81EC /* BTCBlockHeader.m in Sources */ = {isa = PBXBuildFile; fileRef = 816937922206E17D008B81EC /* BTCBlockHeader.m */; };
		816937E42206E17E008B81EC /* BTCBitcoinURL+Tests.m in Sources */ = {isa = PBXBuildFile; fileRef = 816937932206E17D008B81EC /* BTCBitcoinURL+Tests.m */; };
		816937E52206E17E008B81EC /* BTCEncryptedBackup+Tests.m in Sources */ = {isa = PBXBuildFile; fileRef = 816937942206E17D008B81EC /* BTCEncryptedBackup+Tests.m */; };
		816937E62206E17E008B81EC /* BTCChainCom.m in Sources */ = {isa = PBXBuildFile; fileRef = 816937A12206E17E008B81EC /* BTCChainCom.m */; };
		816937E72206E17E008B81EC /* BTCBigNumber+Tests.m in Sources */ = {isa = PBXBuildFile; fileRef = 816937A22206E17E008B81EC /* BTCBigNumber+Tests.m */; };
		816937E82206E17E008B81EC /* BTC256+Tests.m in Sources */ = {isa = PBXBuildFile; fileRef = 816937A32206E17E008B81EC /* BTC256+Tests.m */; };
		816937E92206E17E008B81EC /* BTCPaymentProtocol.m in Sources */ = {isa = PBXBuildFile; fileRef = 816937A42206E17E008B81EC /* BTCPaymentProtocol.m */; };
		816937EA2206E17E008B81EC /* BTCPriceSource+Tests.m in Sources */ = {isa = PBXBuildFile; fileRef = 816937A52206E17E008B81EC /* BTCPriceSource+Tests.m */; };
		8181EF9621624D9D00B660A6 /* AppDelegate.swift in Sources */ = {isa = PBXBuildFile; fileRef = 8181EF9521624D9D00B660A6 /* AppDelegate.swift */; };
		8181EF9821624D9D00B660A6 /* MainViewController.swift in Sources */ = {isa = PBXBuildFile; fileRef = 8181EF9721624D9D00B660A6 /* MainViewController.swift */; };
		8181EF9B21624D9D00B660A6 /* Main.storyboard in Resources */ = {isa = PBXBuildFile; fileRef = 8181EF9921624D9D00B660A6 /* Main.storyboard */; };
		8181EF9D21624D9F00B660A6 /* Assets.xcassets in Resources */ = {isa = PBXBuildFile; fileRef = 8181EF9C21624D9F00B660A6 /* Assets.xcassets */; };
		8181EFA021624D9F00B660A6 /* LaunchScreen.storyboard in Resources */ = {isa = PBXBuildFile; fileRef = 8181EF9E21624D9F00B660A6 /* LaunchScreen.storyboard */; };
		81B1651D21E8D4CA00A89984 /* Hashing.m in Sources */ = {isa = PBXBuildFile; fileRef = 81B1651821E8D4CA00A89984 /* Hashing.m */; };
		81B1651E21E8D4CA00A89984 /* KeyFormatter.m in Sources */ = {isa = PBXBuildFile; fileRef = 81B1651B21E8D4CA00A89984 /* KeyFormatter.m */; };
		81B1651F21E8D4CA00A89984 /* WalletService.swift in Sources */ = {isa = PBXBuildFile; fileRef = 81B1651C21E8D4CA00A89984 /* WalletService.swift */; };
		81B1652121E8E42A00A89984 /* Security.framework in Frameworks */ = {isa = PBXBuildFile; fileRef = 81B1652021E8E42A00A89984 /* Security.framework */; };
		81B1652321E8E43A00A89984 /* AVKit.framework in Frameworks */ = {isa = PBXBuildFile; fileRef = 81B1652221E8E43A00A89984 /* AVKit.framework */; };
		81B1652521E8E44200A89984 /* AVFoundation.framework in Frameworks */ = {isa = PBXBuildFile; fileRef = 81B1652421E8E44200A89984 /* AVFoundation.framework */; };
		81C3593F21BFFBB7004F27A7 /* Pinger.swift in Sources */ = {isa = PBXBuildFile; fileRef = 81C3593E21BFFBB7004F27A7 /* Pinger.swift */; };
		81C3594121BFFEDE004F27A7 /* HostProvider.swift in Sources */ = {isa = PBXBuildFile; fileRef = 81C3594021BFFEDE004F27A7 /* HostProvider.swift */; };
		81C3A4C921E527A2004E636E /* Wallet.swift in Sources */ = {isa = PBXBuildFile; fileRef = 81C3A4C821E527A2004E636E /* Wallet.swift */; };
/* End PBXBuildFile section */

/* Begin PBXCopyFilesBuildPhase section */
		811D99C321ECE616002C15F7 /* Embed Frameworks */ = {
			isa = PBXCopyFilesBuildPhase;
			buildActionMask = 2147483647;
			dstPath = "";
			dstSubfolderSpec = 10;
			files = (
			);
			name = "Embed Frameworks";
			runOnlyForDeploymentPostprocessing = 0;
		};
/* End PBXCopyFilesBuildPhase section */

/* Begin PBXFileReference section */
		3681D5265CC0CB428CA5C2C3 /* Pods-metawallet.debug.xcconfig */ = {isa = PBXFileReference; includeInIndex = 1; lastKnownFileType = text.xcconfig; name = "Pods-metawallet.debug.xcconfig"; path = "Pods/Target Support Files/Pods-metawallet/Pods-metawallet.debug.xcconfig"; sourceTree = "<group>"; };
		811D99CC21EF2D9B002C15F7 /* WebKitHelper.swift */ = {isa = PBXFileReference; lastKnownFileType = sourcecode.swift; path = WebKitHelper.swift; sourceTree = "<group>"; };
		8140EF1F21C90DAD00D8B149 /* APIClient.swift */ = {isa = PBXFileReference; lastKnownFileType = sourcecode.swift; path = APIClient.swift; sourceTree = "<group>"; };
		815CD0BE21DD73E200D6EB39 /* Storage.swift */ = {isa = PBXFileReference; lastKnownFileType = sourcecode.swift; path = Storage.swift; sourceTree = "<group>"; };
		815FEF5E21C214A10044AB5F /* BridgeCommander.js */ = {isa = PBXFileReference; fileEncoding = 4; lastKnownFileType = sourcecode.javascript; path = BridgeCommander.js; sourceTree = "<group>"; };
		815FEF5F21C214A10044AB5F /* BridgeCommander.swift */ = {isa = PBXFileReference; fileEncoding = 4; lastKnownFileType = sourcecode.swift; path = BridgeCommander.swift; sourceTree = "<group>"; };
		816937152206E174008B81EC /* BTCProcessor.h */ = {isa = PBXFileReference; fileEncoding = 4; lastKnownFileType = sourcecode.c.h; path = BTCProcessor.h; sourceTree = "<group>"; };
		816937162206E174008B81EC /* BTC256+Tests.h */ = {isa = PBXFileReference; fileEncoding = 4; lastKnownFileType = sourcecode.c.h; path = "BTC256+Tests.h"; sourceTree = "<group>"; };
		816937172206E174008B81EC /* BTCProtocolSerialization+Tests.h */ = {isa = PBXFileReference; fileEncoding = 4; lastKnownFileType = sourcecode.c.h; path = "BTCProtocolSerialization+Tests.h"; sourceTree = "<group>"; };
		816937182206E174008B81EC /* BTCTransactionOutput.h */ = {isa = PBXFileReference; fileEncoding = 4; lastKnownFileType = sourcecode.c.h; path = BTCTransactionOutput.h; sourceTree = "<group>"; };
		816937192206E174008B81EC /* BTCBitcoinURL.m */ = {isa = PBXFileReference; fileEncoding = 4; lastKnownFileType = sourcecode.c.objc; path = BTCBitcoinURL.m; sourceTree = "<group>"; };
		8169371A2206E174008B81EC /* BTCCurvePoint+Tests.m */ = {isa = PBXFileReference; fileEncoding = 4; lastKnownFileType = sourcecode.c.objc; path = "BTCCurvePoint+Tests.m"; sourceTree = "<group>"; };
		8169371B2206E174008B81EC /* BTCAddress.h */ = {isa = PBXFileReference; fileEncoding = 4; lastKnownFileType = sourcecode.c.h; path = BTCAddress.h; sourceTree = "<group>"; };
		8169371C2206E174008B81EC /* BTCBitcoinURL+Tests.h */ = {isa = PBXFileReference; fileEncoding = 4; lastKnownFileType = sourcecode.c.h; path = "BTCBitcoinURL+Tests.h"; sourceTree = "<group>"; };
		8169371D2206E174008B81EC /* BTCEncryptedBackup.h */ = {isa = PBXFileReference; fileEncoding = 4; lastKnownFileType = sourcecode.c.h; path = BTCEncryptedBackup.h; sourceTree = "<group>"; };
		8169371E2206E174008B81EC /* BTCData+Tests.h */ = {isa = PBXFileReference; fileEncoding = 4; lastKnownFileType = sourcecode.c.h; path = "BTCData+Tests.h"; sourceTree = "<group>"; };
		8169371F2206E174008B81EC /* BTCKeychain+Tests.m */ = {isa = PBXFileReference; fileEncoding = 4; lastKnownFileType = sourcecode.c.objc; path = "BTCKeychain+Tests.m"; sourceTree = "<group>"; };
		816937202206E174008B81EC /* BTCScript.m */ = {isa = PBXFileReference; fileEncoding = 4; lastKnownFileType = sourcecode.c.objc; path = BTCScript.m; sourceTree = "<group>"; };
		816937212206E174008B81EC /* CoreBitcoin+Categories.h */ = {isa = PBXFileReference; fileEncoding = 4; lastKnownFileType = sourcecode.c.h; path = "CoreBitcoin+Categories.h"; sourceTree = "<group>"; };
		816937222206E174008B81EC /* BTCCurrencyConverter.h */ = {isa = PBXFileReference; fileEncoding = 4; lastKnownFileType = sourcecode.c.h; path = BTCCurrencyConverter.h; sourceTree = "<group>"; };
		816937232206E174008B81EC /* BTCProtocolBuffers.h */ = {isa = PBXFileReference; fileEncoding = 4; lastKnownFileType = sourcecode.c.h; path = BTCProtocolBuffers.h; sourceTree = "<group>"; };
		816937242206E174008B81EC /* BTCCurvePoint.h */ = {isa = PBXFileReference; fileEncoding = 4; lastKnownFileType = sourcecode.c.h; path = BTCCurvePoint.h; sourceTree = "<group>"; };
		816937252206E174008B81EC /* BTCMerkleTree.m */ = {isa = PBXFileReference; fileEncoding = 4; lastKnownFileType = sourcecode.c.objc; path = BTCMerkleTree.m; sourceTree = "<group>"; };
		816937262206E174008B81EC /* BTCBase58.m */ = {isa = PBXFileReference; fileEncoding = 4; lastKnownFileType = sourcecode.c.objc; path = BTCBase58.m; sourceTree = "<group>"; };
		816937272206E174008B81EC /* BTCQRCode.m */ = {isa = PBXFileReference; fileEncoding = 4; lastKnownFileType = sourcecode.c.objc; path = BTCQRCode.m; sourceTree = "<group>"; };
		816937282206E174008B81EC /* BTCAddress+Tests.m */ = {isa = PBXFileReference; fileEncoding = 4; lastKnownFileType = sourcecode.c.objc; path = "BTCAddress+Tests.m"; sourceTree = "<group>"; };
		816937292206E174008B81EC /* BTCPaymentMethod.h */ = {isa = PBXFileReference; fileEncoding = 4; lastKnownFileType = sourcecode.c.h; path = BTCPaymentMethod.h; sourceTree = "<group>"; };
		8169372A2206E175008B81EC /* BTCProcessor.m */ = {isa = PBXFileReference; fileEncoding = 4; lastKnownFileType = sourcecode.c.objc; path = BTCProcessor.m; sourceTree = "<group>"; };
		8169372B2206E175008B81EC /* BTCQRCode.h */ = {isa = PBXFileReference; fileEncoding = 4; lastKnownFileType = sourcecode.c.h; path = BTCQRCode.h; sourceTree = "<group>"; };
		8169372C2206E175008B81EC /* BTCTransaction+Tests.h */ = {isa = PBXFileReference; fileEncoding = 4; lastKnownFileType = sourcecode.c.h; path = "BTCTransaction+Tests.h"; sourceTree = "<group>"; };
		8169372D2206E175008B81EC /* BTCHashID.m */ = {isa = PBXFileReference; fileEncoding = 4; lastKnownFileType = sourcecode.c.objc; path = BTCHashID.m; sourceTree = "<group>"; };
		8169372E2206E175008B81EC /* BTCBlindSignature.m */ = {isa = PBXFileReference; fileEncoding = 4; lastKnownFileType = sourcecode.c.objc; path = BTCBlindSignature.m; sourceTree = "<group>"; };
		8169372F2206E175008B81EC /* BTCData.h */ = {isa = PBXFileReference; fileEncoding = 4; lastKnownFileType = sourcecode.c.h; path = BTCData.h; sourceTree = "<group>"; };
		816937302206E175008B81EC /* BTCProtocolSerialization.h */ = {isa = PBXFileReference; fileEncoding = 4; lastKnownFileType = sourcecode.c.h; path = BTCProtocolSerialization.h; sourceTree = "<group>"; };
		816937312206E175008B81EC /* BTCKeychain+Tests.h */ = {isa = PBXFileReference; fileEncoding = 4; lastKnownFileType = sourcecode.c.h; path = "BTCKeychain+Tests.h"; sourceTree = "<group>"; };
		816937322206E175008B81EC /* BTCBlock.h */ = {isa = PBXFileReference; fileEncoding = 4; lastKnownFileType = sourcecode.c.h; path = BTCBlock.h; sourceTree = "<group>"; };
		816937332206E175008B81EC /* BTCAssetID.h */ = {isa = PBXFileReference; fileEncoding = 4; lastKnownFileType = sourcecode.c.h; path = BTCAssetID.h; sourceTree = "<group>"; };
		816937342206E175008B81EC /* BTCCurrencyConverter+Tests.m */ = {isa = PBXFileReference; fileEncoding = 4; lastKnownFileType = sourcecode.c.objc; path = "BTCCurrencyConverter+Tests.m"; sourceTree = "<group>"; };
		816937352206E175008B81EC /* BTC256.m */ = {isa = PBXFileReference; fileEncoding = 4; lastKnownFileType = sourcecode.c.objc; path = BTC256.m; sourceTree = "<group>"; };
		816937362206E175008B81EC /* BTCFancyEncryptedMessage.m */ = {isa = PBXFileReference; fileEncoding = 4; lastKnownFileType = sourcecode.c.objc; path = BTCFancyEncryptedMessage.m; sourceTree = "<group>"; };
		816937372206E175008B81EC /* BTCPriceSource.h */ = {isa = PBXFileReference; fileEncoding = 4; lastKnownFileType = sourcecode.c.h; path = BTCPriceSource.h; sourceTree = "<group>"; };
		816937382206E175008B81EC /* BTCPriceSource.m */ = {isa = PBXFileReference; fileEncoding = 4; lastKnownFileType = sourcecode.c.objc; path = BTCPriceSource.m; sourceTree = "<group>"; };
		816937392206E175008B81EC /* BTCPaymentMethodRequest.h */ = {isa = PBXFileReference; fileEncoding = 4; lastKnownFileType = sourcecode.c.h; path = BTCPaymentMethodRequest.h; sourceTree = "<group>"; };
		8169373A2206E176008B81EC /* BTCProtocolSerialization+Tests.m */ = {isa = PBXFileReference; fileEncoding = 4; lastKnownFileType = sourcecode.c.objc; path = "BTCProtocolSerialization+Tests.m"; sourceTree = "<group>"; };
		8169373B2206E176008B81EC /* BTCPaymentRequest.m */ = {isa = PBXFileReference; fileEncoding = 4; lastKnownFileType = sourcecode.c.objc; path = BTCPaymentRequest.m; sourceTree = "<group>"; };
		8169373C2206E176008B81EC /* BTCOpcode.m */ = {isa = PBXFileReference; fileEncoding = 4; lastKnownFileType = sourcecode.c.objc; path = BTCOpcode.m; sourceTree = "<group>"; };
		8169373D2206E176008B81EC /* BTCAddress.m */ = {isa = PBXFileReference; fileEncoding = 4; lastKnownFileType = sourcecode.c.objc; path = BTCAddress.m; sourceTree = "<group>"; };
		8169373E2206E176008B81EC /* BTCNetwork.m */ = {isa = PBXFileReference; fileEncoding = 4; lastKnownFileType = sourcecode.c.objc; path = BTCNetwork.m; sourceTree = "<group>"; };
		8169373F2206E176008B81EC /* BTCBigNumber+Tests.h */ = {isa = PBXFileReference; fileEncoding = 4; lastKnownFileType = sourcecode.c.h; path = "BTCBigNumber+Tests.h"; sourceTree = "<group>"; };
		816937402206E176008B81EC /* BTCScript+Tests.m */ = {isa = PBXFileReference; fileEncoding = 4; lastKnownFileType = sourcecode.c.objc; path = "BTCScript+Tests.m"; sourceTree = "<group>"; };
		816937412206E176008B81EC /* BTCAssetType.h */ = {isa = PBXFileReference; fileEncoding = 4; lastKnownFileType = sourcecode.c.h; path = BTCAssetType.h; sourceTree = "<group>"; };
		816937422206E176008B81EC /* BTCEncryptedMessage.h */ = {isa = PBXFileReference; fileEncoding = 4; lastKnownFileType = sourcecode.c.h; path = BTCEncryptedMessage.h; sourceTree = "<group>"; };
		816937432206E176008B81EC /* BTCBitcoinURL.h */ = {isa = PBXFileReference; fileEncoding = 4; lastKnownFileType = sourcecode.c.h; path = BTCBitcoinURL.h; sourceTree = "<group>"; };
		816937442206E176008B81EC /* BTCBlockchainInfo+Tests.h */ = {isa = PBXFileReference; fileEncoding = 4; lastKnownFileType = sourcecode.c.h; path = "BTCBlockchainInfo+Tests.h"; sourceTree = "<group>"; };
		816937452206E176008B81EC /* BTCTransaction.m */ = {isa = PBXFileReference; fileEncoding = 4; lastKnownFileType = sourcecode.c.objc; path = BTCTransaction.m; sourceTree = "<group>"; };
		816937472206E177008B81EC /* BTCPaymentMethodDetails.h */ = {isa = PBXFileReference; fileEncoding = 4; lastKnownFileType = sourcecode.c.h; path = BTCPaymentMethodDetails.h; sourceTree = "<group>"; };
		816937482206E177008B81EC /* BTCScript+Tests.h */ = {isa = PBXFileReference; fileEncoding = 4; lastKnownFileType = sourcecode.c.h; path = "BTCScript+Tests.h"; sourceTree = "<group>"; };
		816937492206E177008B81EC /* BTCKeychain.h */ = {isa = PBXFileReference; fileEncoding = 4; lastKnownFileType = sourcecode.c.h; path = BTCKeychain.h; sourceTree = "<group>"; };
		8169374A2206E177008B81EC /* BTCFancyEncryptedMessage+Tests.h */ = {isa = PBXFileReference; fileEncoding = 4; lastKnownFileType = sourcecode.c.h; path = "BTCFancyEncryptedMessage+Tests.h"; sourceTree = "<group>"; };
		8169374B2206E177008B81EC /* BTCAssetType.m */ = {isa = PBXFileReference; fileEncoding = 4; lastKnownFileType = sourcecode.c.objc; path = BTCAssetType.m; sourceTree = "<group>"; };
		8169374C2206E177008B81EC /* BTCBlockchainInfo.m */ = {isa = PBXFileReference; fileEncoding = 4; lastKnownFileType = sourcecode.c.objc; path = BTCBlockchainInfo.m; sourceTree = "<group>"; };
		8169374D2206E177008B81EC /* BTCScript.h */ = {isa = PBXFileReference; fileEncoding = 4; lastKnownFileType = sourcecode.c.h; path = BTCScript.h; sourceTree = "<group>"; };
		8169374E2206E177008B81EC /* BTCOutpoint.m */ = {isa = PBXFileReference; fileEncoding = 4; lastKnownFileType = sourcecode.c.objc; path = BTCOutpoint.m; sourceTree = "<group>"; };
		8169374F2206E177008B81EC /* BTCTransactionInput.h */ = {isa = PBXFileReference; fileEncoding = 4; lastKnownFileType = sourcecode.c.h; path = BTCTransactionInput.h; sourceTree = "<group>"; };
		816937502206E177008B81EC /* BTCTransactionOutput.m */ = {isa = PBXFileReference; fileEncoding = 4; lastKnownFileType = sourcecode.c.objc; path = BTCTransactionOutput.m; sourceTree = "<group>"; };
		816937512206E177008B81EC /* CoreBitcoin.h */ = {isa = PBXFileReference; fileEncoding = 4; lastKnownFileType = sourcecode.c.h; path = CoreBitcoin.h; sourceTree = "<group>"; };
		816937522206E177008B81EC /* BTCBlockchainInfo.h */ = {isa = PBXFileReference; fileEncoding = 4; lastKnownFileType = sourcecode.c.h; path = BTCBlockchainInfo.h; sourceTree = "<group>"; };
		816937532206E178008B81EC /* BTCPaymentRequest.h */ = {isa = PBXFileReference; fileEncoding = 4; lastKnownFileType = sourcecode.c.h; path = BTCPaymentRequest.h; sourceTree = "<group>"; };
		816937542206E178008B81EC /* BTCEncryptedMessage+Tests.m */ = {isa = PBXFileReference; fileEncoding = 4; lastKnownFileType = sourcecode.c.objc; path = "BTCEncryptedMessage+Tests.m"; sourceTree = "<group>"; };
		816937552206E178008B81EC /* BTCAddressSubclass.h */ = {isa = PBXFileReference; fileEncoding = 4; lastKnownFileType = sourcecode.c.h; path = BTCAddressSubclass.h; sourceTree = "<group>"; };
		816937562206E178008B81EC /* BTCNumberFormatter.m */ = {isa = PBXFileReference; fileEncoding = 4; lastKnownFileType = sourcecode.c.objc; path = BTCNumberFormatter.m; sourceTree = "<group>"; };
		816937572206E178008B81EC /* BTCEncryptedMessage.m */ = {isa = PBXFileReference; fileEncoding = 4; lastKnownFileType = sourcecode.c.objc; path = BTCEncryptedMessage.m; sourceTree = "<group>"; };
		816937582206E178008B81EC /* BTCPaymentMethod.m */ = {isa = PBXFileReference; fileEncoding = 4; lastKnownFileType = sourcecode.c.objc; path = BTCPaymentMethod.m; sourceTree = "<group>"; };
		816937592206E178008B81EC /* BTCScriptTestData.h */ = {isa = PBXFileReference; fileEncoding = 4; lastKnownFileType = sourcecode.c.h; path = BTCScriptTestData.h; sourceTree = "<group>"; };
		8169375A2206E178008B81EC /* BTCCurrencyConverter+Tests.h */ = {isa = PBXFileReference; fileEncoding = 4; lastKnownFileType = sourcecode.c.h; path = "BTCCurrencyConverter+Tests.h"; sourceTree = "<group>"; };
		8169375B2206E178008B81EC /* BTCHashID.h */ = {isa = PBXFileReference; fileEncoding = 4; lastKnownFileType = sourcecode.c.h; path = BTCHashID.h; sourceTree = "<group>"; };
		8169375C2206E178008B81EC /* BTCKeychain.m */ = {isa = PBXFileReference; fileEncoding = 4; lastKnownFileType = sourcecode.c.objc; path = BTCKeychain.m; sourceTree = "<group>"; };
		8169375D2206E178008B81EC /* BTCAddress+Tests.h */ = {isa = PBXFileReference; fileEncoding = 4; lastKnownFileType = sourcecode.c.h; path = "BTCAddress+Tests.h"; sourceTree = "<group>"; };
		8169375E2206E178008B81EC /* BTCBlindSignature+Tests.m */ = {isa = PBXFileReference; fileEncoding = 4; lastKnownFileType = sourcecode.c.objc; path = "BTCBlindSignature+Tests.m"; sourceTree = "<group>"; };
		8169375F2206E179008B81EC /* BTCBase58+Tests.m */ = {isa = PBXFileReference; fileEncoding = 4; lastKnownFileType = sourcecode.c.objc; path = "BTCBase58+Tests.m"; sourceTree = "<group>"; };
		816937602206E179008B81EC /* BTCBase58+Tests.h */ = {isa = PBXFileReference; fileEncoding = 4; lastKnownFileType = sourcecode.c.h; path = "BTCBase58+Tests.h"; sourceTree = "<group>"; };
		816937612206E179008B81EC /* BTCBlockchainInfo+Tests.m */ = {isa = PBXFileReference; fileEncoding = 4; lastKnownFileType = sourcecode.c.objc; path = "BTCBlockchainInfo+Tests.m"; sourceTree = "<group>"; };
		816937622206E179008B81EC /* BTCKey+Tests.h */ = {isa = PBXFileReference; fileEncoding = 4; lastKnownFileType = sourcecode.c.h; path = "BTCKey+Tests.h"; sourceTree = "<group>"; };
		816937632206E179008B81EC /* BTCMnemonic.h */ = {isa = PBXFileReference; fileEncoding = 4; lastKnownFileType = sourcecode.c.h; path = BTCMnemonic.h; sourceTree = "<group>"; };
		816937642206E179008B81EC /* BTCKey.h */ = {isa = PBXFileReference; fileEncoding = 4; lastKnownFileType = sourcecode.c.h; path = BTCKey.h; sourceTree = "<group>"; };
		816937652206E179008B81EC /* BTCEncryptedBackup+Tests.h */ = {isa = PBXFileReference; fileEncoding = 4; lastKnownFileType = sourcecode.c.h; path = "BTCEncryptedBackup+Tests.h"; sourceTree = "<group>"; };
		816937662206E179008B81EC /* BTCTransactionInput.m */ = {isa = PBXFileReference; fileEncoding = 4; lastKnownFileType = sourcecode.c.objc; path = BTCTransactionInput.m; sourceTree = "<group>"; };
		816937672206E179008B81EC /* BTCKey.m */ = {isa = PBXFileReference; fileEncoding = 4; lastKnownFileType = sourcecode.c.objc; path = BTCKey.m; sourceTree = "<group>"; };
		816937682206E179008B81EC /* BTCFancyEncryptedMessage+Tests.m */ = {isa = PBXFileReference; fileEncoding = 4; lastKnownFileType = sourcecode.c.objc; path = "BTCFancyEncryptedMessage+Tests.m"; sourceTree = "<group>"; };
		816937692206E179008B81EC /* BTCCurvePoint.m */ = {isa = PBXFileReference; fileEncoding = 4; lastKnownFileType = sourcecode.c.objc; path = BTCCurvePoint.m; sourceTree = "<group>"; };
		8169376A2206E179008B81EC /* BTCBigNumber.m */ = {isa = PBXFileReference; fileEncoding = 4; lastKnownFileType = sourcecode.c.objc; path = BTCBigNumber.m; sourceTree = "<group>"; };
		8169376B2206E17A008B81EC /* BTCEncryptedBackup.m */ = {isa = PBXFileReference; fileEncoding = 4; lastKnownFileType = sourcecode.c.objc; path = BTCEncryptedBackup.m; sourceTree = "<group>"; };
		8169376C2206E17A008B81EC /* BTCMerkleTree+Tests.h */ = {isa = PBXFileReference; fileEncoding = 4; lastKnownFileType = sourcecode.c.h; path = "BTCMerkleTree+Tests.h"; sourceTree = "<group>"; };
		8169376D2206E17A008B81EC /* BTCMerkleTree+Tests.m */ = {isa = PBXFileReference; fileEncoding = 4; lastKnownFileType = sourcecode.c.objc; path = "BTCMerkleTree+Tests.m"; sourceTree = "<group>"; };
		8169376E2206E17A008B81EC /* BTCPaymentMethodRequest.m */ = {isa = PBXFileReference; fileEncoding = 4; lastKnownFileType = sourcecode.c.objc; path = BTCPaymentMethodRequest.m; sourceTree = "<group>"; };
		8169376F2206E17A008B81EC /* BTCProtocolSerialization.m */ = {isa = PBXFileReference; fileEncoding = 4; lastKnownFileType = sourcecode.c.objc; path = BTCProtocolSerialization.m; sourceTree = "<group>"; };
		816937702206E17A008B81EC /* BTCOutpoint.h */ = {isa = PBXFileReference; fileEncoding = 4; lastKnownFileType = sourcecode.c.h; path = BTCOutpoint.h; sourceTree = "<group>"; };
		816937712206E17A008B81EC /* BTCSecretSharing.h */ = {isa = PBXFileReference; fileEncoding = 4; lastKnownFileType = sourcecode.c.h; path = BTCSecretSharing.h; sourceTree = "<group>"; };
		816937722206E17A008B81EC /* BTCFancyEncryptedMessage.h */ = {isa = PBXFileReference; fileEncoding = 4; lastKnownFileType = sourcecode.c.h; path = BTCFancyEncryptedMessage.h; sourceTree = "<group>"; };
		816937732206E17A008B81EC /* BTCTransactionBuilder.h */ = {isa = PBXFileReference; fileEncoding = 4; lastKnownFileType = sourcecode.c.h; path = BTCTransactionBuilder.h; sourceTree = "<group>"; };
		816937742206E17A008B81EC /* BTCMnemonic+Tests.m */ = {isa = PBXFileReference; fileEncoding = 4; lastKnownFileType = sourcecode.c.objc; path = "BTCMnemonic+Tests.m"; sourceTree = "<group>"; };
		816937752206E17A008B81EC /* BTCMnemonic.m */ = {isa = PBXFileReference; fileEncoding = 4; lastKnownFileType = sourcecode.c.objc; path = BTCMnemonic.m; sourceTree = "<group>"; };
		816937762206E17A008B81EC /* NSData+BTCData.m */ = {isa = PBXFileReference; fileEncoding = 4; lastKnownFileType = sourcecode.c.objc; path = "NSData+BTCData.m"; sourceTree = "<group>"; };
		816937772206E17B008B81EC /* BTCScriptMachine.m */ = {isa = PBXFileReference; fileEncoding = 4; lastKnownFileType = sourcecode.c.objc; path = BTCScriptMachine.m; sourceTree = "<group>"; };
		816937782206E17B008B81EC /* BTCKey+Tests.m */ = {isa = PBXFileReference; fileEncoding = 4; lastKnownFileType = sourcecode.c.objc; path = "BTCKey+Tests.m"; sourceTree = "<group>"; };
		816937792206E17B008B81EC /* BTCSignatureHashType.h */ = {isa = PBXFileReference; fileEncoding = 4; lastKnownFileType = sourcecode.c.h; path = BTCSignatureHashType.h; sourceTree = "<group>"; };
		8169377A2206E17B008B81EC /* BTCData.m */ = {isa = PBXFileReference; fileEncoding = 4; lastKnownFileType = sourcecode.c.objc; path = BTCData.m; sourceTree = "<group>"; };
		8169377B2206E17B008B81EC /* BTCTransaction+Tests.m */ = {isa = PBXFileReference; fileEncoding = 4; lastKnownFileType = sourcecode.c.objc; path = "BTCTransaction+Tests.m"; sourceTree = "<group>"; };
		8169377C2206E17B008B81EC /* BTCBlockHeader.h */ = {isa = PBXFileReference; fileEncoding = 4; lastKnownFileType = sourcecode.c.h; path = BTCBlockHeader.h; sourceTree = "<group>"; };
		8169377D2206E17B008B81EC /* BTCBase58.h */ = {isa = PBXFileReference; fileEncoding = 4; lastKnownFileType = sourcecode.c.h; path = BTCBase58.h; sourceTree = "<group>"; };
		8169377E2206E17B008B81EC /* BTCTransactionBuilder.m */ = {isa = PBXFileReference; fileEncoding = 4; lastKnownFileType = sourcecode.c.objc; path = BTCTransactionBuilder.m; sourceTree = "<group>"; };
		8169377F2206E17B008B81EC /* NS+BTCBase58.h */ = {isa = PBXFileReference; fileEncoding = 4; lastKnownFileType = sourcecode.c.h; path = "NS+BTCBase58.h"; sourceTree = "<group>"; };
		816937802206E17B008B81EC /* BTCErrors.m */ = {isa = PBXFileReference; fileEncoding = 4; lastKnownFileType = sourcecode.c.objc; path = BTCErrors.m; sourceTree = "<group>"; };
		816937812206E17B008B81EC /* BTCNumberFormatter.h */ = {isa = PBXFileReference; fileEncoding = 4; lastKnownFileType = sourcecode.c.h; path = BTCNumberFormatter.h; sourceTree = "<group>"; };
		816937822206E17B008B81EC /* BTCAssetID.m */ = {isa = PBXFileReference; fileEncoding = 4; lastKnownFileType = sourcecode.c.objc; path = BTCAssetID.m; sourceTree = "<group>"; };
		816937832206E17B008B81EC /* BTCUnitsAndLimits.h */ = {isa = PBXFileReference; fileEncoding = 4; lastKnownFileType = sourcecode.c.h; path = BTCUnitsAndLimits.h; sourceTree = "<group>"; };
		816937842206E17C008B81EC /* BTCTransaction.h */ = {isa = PBXFileReference; fileEncoding = 4; lastKnownFileType = sourcecode.c.h; path = BTCTransaction.h; sourceTree = "<group>"; };
		816937852206E17C008B81EC /* BTCNetwork.h */ = {isa = PBXFileReference; fileEncoding = 4; lastKnownFileType = sourcecode.c.h; path = BTCNetwork.h; sourceTree = "<group>"; };
		816937862206E17C008B81EC /* BTCEncryptedMessage+Tests.h */ = {isa = PBXFileReference; fileEncoding = 4; lastKnownFileType = sourcecode.c.h; path = "BTCEncryptedMessage+Tests.h"; sourceTree = "<group>"; };
		816937872206E17C008B81EC /* BTCBlock.m */ = {isa = PBXFileReference; fileEncoding = 4; lastKnownFileType = sourcecode.c.objc; path = BTCBlock.m; sourceTree = "<group>"; };
		816937882206E17C008B81EC /* NS+BTCBase58.m */ = {isa = PBXFileReference; fileEncoding = 4; lastKnownFileType = sourcecode.c.objc; path = "NS+BTCBase58.m"; sourceTree = "<group>"; };
		816937892206E17C008B81EC /* BTCAssetAddress.h */ = {isa = PBXFileReference; fileEncoding = 4; lastKnownFileType = sourcecode.c.h; path = BTCAssetAddress.h; sourceTree = "<group>"; };
		8169378A2206E17C008B81EC /* BTCData+Tests.m */ = {isa = PBXFileReference; fileEncoding = 4; lastKnownFileType = sourcecode.c.objc; path = "BTCData+Tests.m"; sourceTree = "<group>"; };
		8169378B2206E17C008B81EC /* BTCChainCom.h */ = {isa = PBXFileReference; fileEncoding = 4; lastKnownFileType = sourcecode.c.h; path = BTCChainCom.h; sourceTree = "<group>"; };
		8169378C2206E17C008B81EC /* BTCCurrencyConverter.m */ = {isa = PBXFileReference; fileEncoding = 4; lastKnownFileType = sourcecode.c.objc; path = BTCCurrencyConverter.m; sourceTree = "<group>"; };
		8169378D2206E17C008B81EC /* BTCSecretSharing.m */ = {isa = PBXFileReference; fileEncoding = 4; lastKnownFileType = sourcecode.c.objc; path = BTCSecretSharing.m; sourceTree = "<group>"; };
		8169378E2206E17C008B81EC /* BTCPaymentMethodDetails.m */ = {isa = PBXFileReference; fileEncoding = 4; lastKnownFileType = sourcecode.c.objc; path = BTCPaymentMethodDetails.m; sourceTree = "<group>"; };
		8169378F2206E17C008B81EC /* BTCAssetAddress.m */ = {isa = PBXFileReference; fileEncoding = 4; lastKnownFileType = sourcecode.c.objc; path = BTCAssetAddress.m; sourceTree = "<group>"; };
		816937902206E17D008B81EC /* BTCProtocolBuffers.m */ = {isa = PBXFileReference; fileEncoding = 4; lastKnownFileType = sourcecode.c.objc; path = BTCProtocolBuffers.m; sourceTree = "<group>"; };
		816937912206E17D008B81EC /* BTCBlindSignature.h */ = {isa = PBXFileReference; fileEncoding = 4; lastKnownFileType = sourcecode.c.h; path = BTCBlindSignature.h; sourceTree = "<group>"; };
		816937922206E17D008B81EC /* BTCBlockHeader.m */ = {isa = PBXFileReference; fileEncoding = 4; lastKnownFileType = sourcecode.c.objc; path = BTCBlockHeader.m; sourceTree = "<group>"; };
		816937932206E17D008B81EC /* BTCBitcoinURL+Tests.m */ = {isa = PBXFileReference; fileEncoding = 4; lastKnownFileType = sourcecode.c.objc; path = "BTCBitcoinURL+Tests.m"; sourceTree = "<group>"; };
		816937942206E17D008B81EC /* BTCEncryptedBackup+Tests.m */ = {isa = PBXFileReference; fileEncoding = 4; lastKnownFileType = sourcecode.c.objc; path = "BTCEncryptedBackup+Tests.m"; sourceTree = "<group>"; };
		816937952206E17D008B81EC /* NSData+BTCData.h */ = {isa = PBXFileReference; fileEncoding = 4; lastKnownFileType = sourcecode.c.h; path = "NSData+BTCData.h"; sourceTree = "<group>"; };
		816937962206E17D008B81EC /* BTCBigNumber.h */ = {isa = PBXFileReference; fileEncoding = 4; lastKnownFileType = sourcecode.c.h; path = BTCBigNumber.h; sourceTree = "<group>"; };
		816937972206E17D008B81EC /* BTCPaymentProtocol.h */ = {isa = PBXFileReference; fileEncoding = 4; lastKnownFileType = sourcecode.c.h; path = BTCPaymentProtocol.h; sourceTree = "<group>"; };
		816937982206E17D008B81EC /* BTCPriceSource+Tests.h */ = {isa = PBXFileReference; fileEncoding = 4; lastKnownFileType = sourcecode.c.h; path = "BTCPriceSource+Tests.h"; sourceTree = "<group>"; };
		816937992206E17D008B81EC /* BTCMnemonic+Tests.h */ = {isa = PBXFileReference; fileEncoding = 4; lastKnownFileType = sourcecode.c.h; path = "BTCMnemonic+Tests.h"; sourceTree = "<group>"; };
		8169379A2206E17D008B81EC /* BTCCurvePoint+Tests.h */ = {isa = PBXFileReference; fileEncoding = 4; lastKnownFileType = sourcecode.c.h; path = "BTCCurvePoint+Tests.h"; sourceTree = "<group>"; };
		8169379B2206E17D008B81EC /* BTCErrors.h */ = {isa = PBXFileReference; fileEncoding = 4; lastKnownFileType = sourcecode.c.h; path = BTCErrors.h; sourceTree = "<group>"; };
		8169379C2206E17E008B81EC /* BTCOpcode.h */ = {isa = PBXFileReference; fileEncoding = 4; lastKnownFileType = sourcecode.c.h; path = BTCOpcode.h; sourceTree = "<group>"; };
		8169379D2206E17E008B81EC /* BTCMerkleTree.h */ = {isa = PBXFileReference; fileEncoding = 4; lastKnownFileType = sourcecode.c.h; path = BTCMerkleTree.h; sourceTree = "<group>"; };
		8169379E2206E17E008B81EC /* BTC256.h */ = {isa = PBXFileReference; fileEncoding = 4; lastKnownFileType = sourcecode.c.h; path = BTC256.h; sourceTree = "<group>"; };
		8169379F2206E17E008B81EC /* BTCScriptMachine.h */ = {isa = PBXFileReference; fileEncoding = 4; lastKnownFileType = sourcecode.c.h; path = BTCScriptMachine.h; sourceTree = "<group>"; };
		816937A02206E17E008B81EC /* BTCBlindSignature+Tests.h */ = {isa = PBXFileReference; fileEncoding = 4; lastKnownFileType = sourcecode.c.h; path = "BTCBlindSignature+Tests.h"; sourceTree = "<group>"; };
		816937A12206E17E008B81EC /* BTCChainCom.m */ = {isa = PBXFileReference; fileEncoding = 4; lastKnownFileType = sourcecode.c.objc; path = BTCChainCom.m; sourceTree = "<group>"; };
		816937A22206E17E008B81EC /* BTCBigNumber+Tests.m */ = {isa = PBXFileReference; fileEncoding = 4; lastKnownFileType = sourcecode.c.objc; path = "BTCBigNumber+Tests.m"; sourceTree = "<group>"; };
		816937A32206E17E008B81EC /* BTC256+Tests.m */ = {isa = PBXFileReference; fileEncoding = 4; lastKnownFileType = sourcecode.c.objc; path = "BTC256+Tests.m"; sourceTree = "<group>"; };
		816937A42206E17E008B81EC /* BTCPaymentProtocol.m */ = {isa = PBXFileReference; fileEncoding = 4; lastKnownFileType = sourcecode.c.objc; path = BTCPaymentProtocol.m; sourceTree = "<group>"; };
		816937A52206E17E008B81EC /* BTCPriceSource+Tests.m */ = {isa = PBXFileReference; fileEncoding = 4; lastKnownFileType = sourcecode.c.objc; path = "BTCPriceSource+Tests.m"; sourceTree = "<group>"; };
		8181EF9221624D9D00B660A6 /* metawallet.app */ = {isa = PBXFileReference; explicitFileType = wrapper.application; includeInIndex = 0; path = metawallet.app; sourceTree = BUILT_PRODUCTS_DIR; };
		8181EF9521624D9D00B660A6 /* AppDelegate.swift */ = {isa = PBXFileReference; lastKnownFileType = sourcecode.swift; path = AppDelegate.swift; sourceTree = "<group>"; };
		8181EF9721624D9D00B660A6 /* MainViewController.swift */ = {isa = PBXFileReference; lastKnownFileType = sourcecode.swift; path = MainViewController.swift; sourceTree = "<group>"; };
		8181EF9A21624D9D00B660A6 /* Base */ = {isa = PBXFileReference; lastKnownFileType = file.storyboard; name = Base; path = Base.lproj/Main.storyboard; sourceTree = "<group>"; };
		8181EF9C21624D9F00B660A6 /* Assets.xcassets */ = {isa = PBXFileReference; lastKnownFileType = folder.assetcatalog; path = Assets.xcassets; sourceTree = "<group>"; };
		8181EF9F21624D9F00B660A6 /* Base */ = {isa = PBXFileReference; lastKnownFileType = file.storyboard; name = Base; path = Base.lproj/LaunchScreen.storyboard; sourceTree = "<group>"; };
		8181EFA121624D9F00B660A6 /* Info.plist */ = {isa = PBXFileReference; lastKnownFileType = text.plist.xml; path = Info.plist; sourceTree = "<group>"; };
		81A5E99321ECE36C001A221D /* CoreBitcoinIOS.framework */ = {isa = PBXFileReference; lastKnownFileType = wrapper.framework; name = CoreBitcoinIOS.framework; path = /Users/mmd/Desktop/Work/GIT/metawallet/metawallet/Vendor/CoreBitcoin/CoreBitcoinIOS.framework; sourceTree = "<absolute>"; };
		81B1651721E8D4C900A89984 /* metawallet-Bridging-Header.h */ = {isa = PBXFileReference; lastKnownFileType = sourcecode.c.h; path = "metawallet-Bridging-Header.h"; sourceTree = "<group>"; };
		81B1651821E8D4CA00A89984 /* Hashing.m */ = {isa = PBXFileReference; fileEncoding = 4; lastKnownFileType = sourcecode.c.objc; path = Hashing.m; sourceTree = "<group>"; };
		81B1651921E8D4CA00A89984 /* KeyFormatter.h */ = {isa = PBXFileReference; fileEncoding = 4; lastKnownFileType = sourcecode.c.h; path = KeyFormatter.h; sourceTree = "<group>"; };
		81B1651A21E8D4CA00A89984 /* Hashing.h */ = {isa = PBXFileReference; fileEncoding = 4; lastKnownFileType = sourcecode.c.h; path = Hashing.h; sourceTree = "<group>"; };
		81B1651B21E8D4CA00A89984 /* KeyFormatter.m */ = {isa = PBXFileReference; fileEncoding = 4; lastKnownFileType = sourcecode.c.objc; path = KeyFormatter.m; sourceTree = "<group>"; };
		81B1651C21E8D4CA00A89984 /* WalletService.swift */ = {isa = PBXFileReference; fileEncoding = 4; lastKnownFileType = sourcecode.swift; path = WalletService.swift; sourceTree = "<group>"; };
		81B1652021E8E42A00A89984 /* Security.framework */ = {isa = PBXFileReference; lastKnownFileType = wrapper.framework; name = Security.framework; path = System/Library/Frameworks/Security.framework; sourceTree = SDKROOT; };
		81B1652221E8E43A00A89984 /* AVKit.framework */ = {isa = PBXFileReference; lastKnownFileType = wrapper.framework; name = AVKit.framework; path = System/Library/Frameworks/AVKit.framework; sourceTree = SDKROOT; };
		81B1652421E8E44200A89984 /* AVFoundation.framework */ = {isa = PBXFileReference; lastKnownFileType = wrapper.framework; name = AVFoundation.framework; path = System/Library/Frameworks/AVFoundation.framework; sourceTree = SDKROOT; };
		81C3593E21BFFBB7004F27A7 /* Pinger.swift */ = {isa = PBXFileReference; lastKnownFileType = sourcecode.swift; path = Pinger.swift; sourceTree = "<group>"; };
		81C3594021BFFEDE004F27A7 /* HostProvider.swift */ = {isa = PBXFileReference; lastKnownFileType = sourcecode.swift; path = HostProvider.swift; sourceTree = "<group>"; };
		81C3A4C821E527A2004E636E /* Wallet.swift */ = {isa = PBXFileReference; lastKnownFileType = sourcecode.swift; path = Wallet.swift; sourceTree = "<group>"; };
		A6A10872236301B2F9A5E447 /* Pods-metawallet.release.xcconfig */ = {isa = PBXFileReference; includeInIndex = 1; lastKnownFileType = text.xcconfig; name = "Pods-metawallet.release.xcconfig"; path = "Pods/Target Support Files/Pods-metawallet/Pods-metawallet.release.xcconfig"; sourceTree = "<group>"; };
		E42A71E7E8861CA64DFC23D0 /* Pods_metawallet.framework */ = {isa = PBXFileReference; explicitFileType = wrapper.framework; includeInIndex = 0; path = Pods_metawallet.framework; sourceTree = BUILT_PRODUCTS_DIR; };
/* End PBXFileReference section */

/* Begin PBXFrameworksBuildPhase section */
		8181EF8F21624D9D00B660A6 /* Frameworks */ = {
			isa = PBXFrameworksBuildPhase;
			buildActionMask = 2147483647;
			files = (
				81B1652521E8E44200A89984 /* AVFoundation.framework in Frameworks */,
				81B1652321E8E43A00A89984 /* AVKit.framework in Frameworks */,
				81B1652121E8E42A00A89984 /* Security.framework in Frameworks */,
				2ADBD8090DF9A600CBDFC441 /* Pods_metawallet.framework in Frameworks */,
			);
			runOnlyForDeploymentPostprocessing = 0;
		};
/* End PBXFrameworksBuildPhase section */

/* Begin PBXGroup section */
		55242EE8A5B7EE224B4752A3 /* Pods */ = {
			isa = PBXGroup;
			children = (
				3681D5265CC0CB428CA5C2C3 /* Pods-metawallet.debug.xcconfig */,
				A6A10872236301B2F9A5E447 /* Pods-metawallet.release.xcconfig */,
			);
			name = Pods;
			sourceTree = "<group>";
		};
		811D99C021ECE5F8002C15F7 /* Recovered References */ = {
			isa = PBXGroup;
			children = (
				81A5E99321ECE36C001A221D /* CoreBitcoinIOS.framework */,
			);
			name = "Recovered References";
			sourceTree = "<group>";
		};
		815FEF5D21C214A10044AB5F /* BridgeCommander */ = {
			isa = PBXGroup;
			children = (
				815FEF5E21C214A10044AB5F /* BridgeCommander.js */,
				815FEF5F21C214A10044AB5F /* BridgeCommander.swift */,
			);
			path = BridgeCommander;
			sourceTree = "<group>";
		};
		8181EF8921624D9D00B660A6 = {
			isa = PBXGroup;
			children = (
				8181EF9421624D9D00B660A6 /* metawallet */,
				8181EF9321624D9D00B660A6 /* Products */,
				55242EE8A5B7EE224B4752A3 /* Pods */,
				CE2402F8C05A177D35C52121 /* Frameworks */,
				811D99C021ECE5F8002C15F7 /* Recovered References */,
			);
			sourceTree = "<group>";
		};
		8181EF9321624D9D00B660A6 /* Products */ = {
			isa = PBXGroup;
			children = (
				8181EF9221624D9D00B660A6 /* metawallet.app */,
			);
			name = Products;
			sourceTree = "<group>";
		};
		8181EF9421624D9D00B660A6 /* metawallet */ = {
			isa = PBXGroup;
			children = (
				81C3594221C002AC004F27A7 /* Vendor */,
				8181EF9521624D9D00B660A6 /* AppDelegate.swift */,
				8181EF9721624D9D00B660A6 /* MainViewController.swift */,
				8181EF9921624D9D00B660A6 /* Main.storyboard */,
				8181EF9C21624D9F00B660A6 /* Assets.xcassets */,
				8181EF9E21624D9F00B660A6 /* LaunchScreen.storyboard */,
				8181EFA121624D9F00B660A6 /* Info.plist */,
				81C3593E21BFFBB7004F27A7 /* Pinger.swift */,
				81C3594021BFFEDE004F27A7 /* HostProvider.swift */,
				8140EF1F21C90DAD00D8B149 /* APIClient.swift */,
				81C3A4C821E527A2004E636E /* Wallet.swift */,
				815CD0BE21DD73E200D6EB39 /* Storage.swift */,
				81B1651A21E8D4CA00A89984 /* Hashing.h */,
				81B1651821E8D4CA00A89984 /* Hashing.m */,
				81B1651921E8D4CA00A89984 /* KeyFormatter.h */,
				81B1651B21E8D4CA00A89984 /* KeyFormatter.m */,
				81B1651C21E8D4CA00A89984 /* WalletService.swift */,
				811D99CC21EF2D9B002C15F7 /* WebKitHelper.swift */,
				81B1651721E8D4C900A89984 /* metawallet-Bridging-Header.h */,
			);
			path = metawallet;
			sourceTree = "<group>";
		};
		81B1651221E8D4B400A89984 /* CoreBitcoin */ = {
			isa = PBXGroup;
			children = (
				8169379E2206E17E008B81EC /* BTC256.h */,
				816937352206E175008B81EC /* BTC256.m */,
				816937162206E174008B81EC /* BTC256+Tests.h */,
				816937A32206E17E008B81EC /* BTC256+Tests.m */,
				8169371B2206E174008B81EC /* BTCAddress.h */,
				8169373D2206E176008B81EC /* BTCAddress.m */,
				8169375D2206E178008B81EC /* BTCAddress+Tests.h */,
				816937282206E174008B81EC /* BTCAddress+Tests.m */,
				816937552206E178008B81EC /* BTCAddressSubclass.h */,
				816937892206E17C008B81EC /* BTCAssetAddress.h */,
				8169378F2206E17C008B81EC /* BTCAssetAddress.m */,
				816937332206E175008B81EC /* BTCAssetID.h */,
				816937822206E17B008B81EC /* BTCAssetID.m */,
				816937412206E176008B81EC /* BTCAssetType.h */,
				8169374B2206E177008B81EC /* BTCAssetType.m */,
				8169377D2206E17B008B81EC /* BTCBase58.h */,
				816937262206E174008B81EC /* BTCBase58.m */,
				816937602206E179008B81EC /* BTCBase58+Tests.h */,
				8169375F2206E179008B81EC /* BTCBase58+Tests.m */,
				816937962206E17D008B81EC /* BTCBigNumber.h */,
				8169376A2206E179008B81EC /* BTCBigNumber.m */,
				8169373F2206E176008B81EC /* BTCBigNumber+Tests.h */,
				816937A22206E17E008B81EC /* BTCBigNumber+Tests.m */,
				816937432206E176008B81EC /* BTCBitcoinURL.h */,
				816937192206E174008B81EC /* BTCBitcoinURL.m */,
				8169371C2206E174008B81EC /* BTCBitcoinURL+Tests.h */,
				816937932206E17D008B81EC /* BTCBitcoinURL+Tests.m */,
				816937912206E17D008B81EC /* BTCBlindSignature.h */,
				8169372E2206E175008B81EC /* BTCBlindSignature.m */,
				816937A02206E17E008B81EC /* BTCBlindSignature+Tests.h */,
				8169375E2206E178008B81EC /* BTCBlindSignature+Tests.m */,
				816937322206E175008B81EC /* BTCBlock.h */,
				816937872206E17C008B81EC /* BTCBlock.m */,
				816937522206E177008B81EC /* BTCBlockchainInfo.h */,
				8169374C2206E177008B81EC /* BTCBlockchainInfo.m */,
				816937442206E176008B81EC /* BTCBlockchainInfo+Tests.h */,
				816937612206E179008B81EC /* BTCBlockchainInfo+Tests.m */,
				8169377C2206E17B008B81EC /* BTCBlockHeader.h */,
				816937922206E17D008B81EC /* BTCBlockHeader.m */,
				8169378B2206E17C008B81EC /* BTCChainCom.h */,
				816937A12206E17E008B81EC /* BTCChainCom.m */,
				816937222206E174008B81EC /* BTCCurrencyConverter.h */,
				8169378C2206E17C008B81EC /* BTCCurrencyConverter.m */,
				8169375A2206E178008B81EC /* BTCCurrencyConverter+Tests.h */,
				816937342206E175008B81EC /* BTCCurrencyConverter+Tests.m */,
				816937242206E174008B81EC /* BTCCurvePoint.h */,
				816937692206E179008B81EC /* BTCCurvePoint.m */,
				8169379A2206E17D008B81EC /* BTCCurvePoint+Tests.h */,
				8169371A2206E174008B81EC /* BTCCurvePoint+Tests.m */,
				8169372F2206E175008B81EC /* BTCData.h */,
				8169377A2206E17B008B81EC /* BTCData.m */,
				8169371E2206E174008B81EC /* BTCData+Tests.h */,
				8169378A2206E17C008B81EC /* BTCData+Tests.m */,
				8169371D2206E174008B81EC /* BTCEncryptedBackup.h */,
				8169376B2206E17A008B81EC /* BTCEncryptedBackup.m */,
				816937652206E179008B81EC /* BTCEncryptedBackup+Tests.h */,
				816937942206E17D008B81EC /* BTCEncryptedBackup+Tests.m */,
				816937422206E176008B81EC /* BTCEncryptedMessage.h */,
				816937572206E178008B81EC /* BTCEncryptedMessage.m */,
				816937862206E17C008B81EC /* BTCEncryptedMessage+Tests.h */,
				816937542206E178008B81EC /* BTCEncryptedMessage+Tests.m */,
				8169379B2206E17D008B81EC /* BTCErrors.h */,
				816937802206E17B008B81EC /* BTCErrors.m */,
				816937722206E17A008B81EC /* BTCFancyEncryptedMessage.h */,
				816937362206E175008B81EC /* BTCFancyEncryptedMessage.m */,
				8169374A2206E177008B81EC /* BTCFancyEncryptedMessage+Tests.h */,
				816937682206E179008B81EC /* BTCFancyEncryptedMessage+Tests.m */,
				8169375B2206E178008B81EC /* BTCHashID.h */,
				8169372D2206E175008B81EC /* BTCHashID.m */,
				816937642206E179008B81EC /* BTCKey.h */,
				816937672206E179008B81EC /* BTCKey.m */,
				816937622206E179008B81EC /* BTCKey+Tests.h */,
				816937782206E17B008B81EC /* BTCKey+Tests.m */,
				816937492206E177008B81EC /* BTCKeychain.h */,
				8169375C2206E178008B81EC /* BTCKeychain.m */,
				816937312206E175008B81EC /* BTCKeychain+Tests.h */,
				8169371F2206E174008B81EC /* BTCKeychain+Tests.m */,
				8169379D2206E17E008B81EC /* BTCMerkleTree.h */,
				816937252206E174008B81EC /* BTCMerkleTree.m */,
				8169376C2206E17A008B81EC /* BTCMerkleTree+Tests.h */,
				8169376D2206E17A008B81EC /* BTCMerkleTree+Tests.m */,
				816937632206E179008B81EC /* BTCMnemonic.h */,
				816937752206E17A008B81EC /* BTCMnemonic.m */,
				816937992206E17D008B81EC /* BTCMnemonic+Tests.h */,
				816937742206E17A008B81EC /* BTCMnemonic+Tests.m */,
				816937852206E17C008B81EC /* BTCNetwork.h */,
				8169373E2206E176008B81EC /* BTCNetwork.m */,
				816937812206E17B008B81EC /* BTCNumberFormatter.h */,
				816937562206E178008B81EC /* BTCNumberFormatter.m */,
				8169379C2206E17E008B81EC /* BTCOpcode.h */,
				8169373C2206E176008B81EC /* BTCOpcode.m */,
				816937702206E17A008B81EC /* BTCOutpoint.h */,
				8169374E2206E177008B81EC /* BTCOutpoint.m */,
				816937292206E174008B81EC /* BTCPaymentMethod.h */,
				816937582206E178008B81EC /* BTCPaymentMethod.m */,
				816937472206E177008B81EC /* BTCPaymentMethodDetails.h */,
				8169378E2206E17C008B81EC /* BTCPaymentMethodDetails.m */,
				816937392206E175008B81EC /* BTCPaymentMethodRequest.h */,
				8169376E2206E17A008B81EC /* BTCPaymentMethodRequest.m */,
				816937972206E17D008B81EC /* BTCPaymentProtocol.h */,
				816937A42206E17E008B81EC /* BTCPaymentProtocol.m */,
				816937532206E178008B81EC /* BTCPaymentRequest.h */,
				8169373B2206E176008B81EC /* BTCPaymentRequest.m */,
				816937372206E175008B81EC /* BTCPriceSource.h */,
				816937382206E175008B81EC /* BTCPriceSource.m */,
				816937982206E17D008B81EC /* BTCPriceSource+Tests.h */,
				816937A52206E17E008B81EC /* BTCPriceSource+Tests.m */,
				816937152206E174008B81EC /* BTCProcessor.h */,
				8169372A2206E175008B81EC /* BTCProcessor.m */,
				816937232206E174008B81EC /* BTCProtocolBuffers.h */,
				816937902206E17D008B81EC /* BTCProtocolBuffers.m */,
				816937302206E175008B81EC /* BTCProtocolSerialization.h */,
				8169376F2206E17A008B81EC /* BTCProtocolSerialization.m */,
				816937172206E174008B81EC /* BTCProtocolSerialization+Tests.h */,
				8169373A2206E176008B81EC /* BTCProtocolSerialization+Tests.m */,
				8169372B2206E175008B81EC /* BTCQRCode.h */,
				816937272206E174008B81EC /* BTCQRCode.m */,
				8169374D2206E177008B81EC /* BTCScript.h */,
				816937202206E174008B81EC /* BTCScript.m */,
				816937482206E177008B81EC /* BTCScript+Tests.h */,
				816937402206E176008B81EC /* BTCScript+Tests.m */,
				8169379F2206E17E008B81EC /* BTCScriptMachine.h */,
				816937772206E17B008B81EC /* BTCScriptMachine.m */,
				816937592206E178008B81EC /* BTCScriptTestData.h */,
				816937712206E17A008B81EC /* BTCSecretSharing.h */,
				8169378D2206E17C008B81EC /* BTCSecretSharing.m */,
				816937792206E17B008B81EC /* BTCSignatureHashType.h */,
				816937842206E17C008B81EC /* BTCTransaction.h */,
				816937452206E176008B81EC /* BTCTransaction.m */,
				8169372C2206E175008B81EC /* BTCTransaction+Tests.h */,
				8169377B2206E17B008B81EC /* BTCTransaction+Tests.m */,
				816937732206E17A008B81EC /* BTCTransactionBuilder.h */,
				8169377E2206E17B008B81EC /* BTCTransactionBuilder.m */,
				8169374F2206E177008B81EC /* BTCTransactionInput.h */,
				816937662206E179008B81EC /* BTCTransactionInput.m */,
				816937182206E174008B81EC /* BTCTransactionOutput.h */,
				816937502206E177008B81EC /* BTCTransactionOutput.m */,
				816937832206E17B008B81EC /* BTCUnitsAndLimits.h */,
				816937512206E177008B81EC /* CoreBitcoin.h */,
				816937212206E174008B81EC /* CoreBitcoin+Categories.h */,
				8169377F2206E17B008B81EC /* NS+BTCBase58.h */,
				816937882206E17C008B81EC /* NS+BTCBase58.m */,
				816937952206E17D008B81EC /* NSData+BTCData.h */,
				816937762206E17A008B81EC /* NSData+BTCData.m */,
			);
			path = CoreBitcoin;
			sourceTree = "<group>";
		};
		81C3594221C002AC004F27A7 /* Vendor */ = {
			isa = PBXGroup;
			children = (
				81B1651221E8D4B400A89984 /* CoreBitcoin */,
				815FEF5D21C214A10044AB5F /* BridgeCommander */,
			);
			path = Vendor;
			sourceTree = "<group>";
		};
		CE2402F8C05A177D35C52121 /* Frameworks */ = {
			isa = PBXGroup;
			children = (
				81B1652421E8E44200A89984 /* AVFoundation.framework */,
				81B1652221E8E43A00A89984 /* AVKit.framework */,
				81B1652021E8E42A00A89984 /* Security.framework */,
				E42A71E7E8861CA64DFC23D0 /* Pods_metawallet.framework */,
			);
			name = Frameworks;
			sourceTree = "<group>";
		};
/* End PBXGroup section */

/* Begin PBXNativeTarget section */
		8181EF9121624D9D00B660A6 /* metawallet */ = {
			isa = PBXNativeTarget;
			buildConfigurationList = 8181EFA421624D9F00B660A6 /* Build configuration list for PBXNativeTarget "metawallet" */;
			buildPhases = (
				FB7A6DF1789EB1A83D83A56A /* [CP] Check Pods Manifest.lock */,
				8181EF8E21624D9D00B660A6 /* Sources */,
				8181EF8F21624D9D00B660A6 /* Frameworks */,
				8181EF9021624D9D00B660A6 /* Resources */,
				4EB5628DD8B3C7068220A8EA /* [CP] Embed Pods Frameworks */,
				811D99C321ECE616002C15F7 /* Embed Frameworks */,
				811D99C821ECEDEC002C15F7 /* ShellScript */,
				81247CEE21CA689E00643FE4 /* ShellScript */,
			);
			buildRules = (
			);
			dependencies = (
			);
			name = metawallet;
			productName = metawallet;
			productReference = 8181EF9221624D9D00B660A6 /* metawallet.app */;
			productType = "com.apple.product-type.application";
		};
/* End PBXNativeTarget section */

/* Begin PBXProject section */
		8181EF8A21624D9D00B660A6 /* Project object */ = {
			isa = PBXProject;
			attributes = {
				LastSwiftUpdateCheck = 1000;
				LastUpgradeCheck = 1000;
				ORGANIZATIONNAME = MAD;
				TargetAttributes = {
					8181EF9121624D9D00B660A6 = {
						CreatedOnToolsVersion = 10.0;
						LastSwiftMigration = 1010;
					};
				};
			};
			buildConfigurationList = 8181EF8D21624D9D00B660A6 /* Build configuration list for PBXProject "metawallet" */;
			compatibilityVersion = "Xcode 9.3";
			developmentRegion = en;
			hasScannedForEncodings = 0;
			knownRegions = (
				en,
				Base,
			);
			mainGroup = 8181EF8921624D9D00B660A6;
			productRefGroup = 8181EF9321624D9D00B660A6 /* Products */;
			projectDirPath = "";
			projectRoot = "";
			targets = (
				8181EF9121624D9D00B660A6 /* metawallet */,
			);
		};
/* End PBXProject section */

/* Begin PBXResourcesBuildPhase section */
		8181EF9021624D9D00B660A6 /* Resources */ = {
			isa = PBXResourcesBuildPhase;
			buildActionMask = 2147483647;
			files = (
				815FEF6021C214A10044AB5F /* BridgeCommander.js in Resources */,
				8181EFA021624D9F00B660A6 /* LaunchScreen.storyboard in Resources */,
				8181EF9D21624D9F00B660A6 /* Assets.xcassets in Resources */,
				8181EF9B21624D9D00B660A6 /* Main.storyboard in Resources */,
			);
			runOnlyForDeploymentPostprocessing = 0;
		};
/* End PBXResourcesBuildPhase section */

/* Begin PBXShellScriptBuildPhase section */
		4EB5628DD8B3C7068220A8EA /* [CP] Embed Pods Frameworks */ = {
			isa = PBXShellScriptBuildPhase;
			buildActionMask = 2147483647;
			files = (
			);
			inputFileListPaths = (
			);
			inputPaths = (
				"${SRCROOT}/Pods/Target Support Files/Pods-metawallet/Pods-metawallet-frameworks.sh",
				"${BUILT_PRODUCTS_DIR}/Alamofire/Alamofire.framework",
				"${BUILT_PRODUCTS_DIR}/GBPing/GBPing.framework",
				"${BUILT_PRODUCTS_DIR}/QRCodeReader.swift/QRCodeReader.framework",
				"${BUILT_PRODUCTS_DIR}/SwiftKeychainWrapper/SwiftKeychainWrapper.framework",
				"${BUILT_PRODUCTS_DIR}/SwiftyJSON/SwiftyJSON.framework",
			);
			name = "[CP] Embed Pods Frameworks";
			outputFileListPaths = (
			);
			outputPaths = (
				"${TARGET_BUILD_DIR}/${FRAMEWORKS_FOLDER_PATH}/Alamofire.framework",
				"${TARGET_BUILD_DIR}/${FRAMEWORKS_FOLDER_PATH}/GBPing.framework",
				"${TARGET_BUILD_DIR}/${FRAMEWORKS_FOLDER_PATH}/QRCodeReader.framework",
				"${TARGET_BUILD_DIR}/${FRAMEWORKS_FOLDER_PATH}/SwiftKeychainWrapper.framework",
				"${TARGET_BUILD_DIR}/${FRAMEWORKS_FOLDER_PATH}/SwiftyJSON.framework",
			);
			runOnlyForDeploymentPostprocessing = 0;
			shellPath = /bin/sh;
			shellScript = "\"${SRCROOT}/Pods/Target Support Files/Pods-metawallet/Pods-metawallet-frameworks.sh\"\n";
			showEnvVarsInLog = 0;
		};
		811D99C821ECEDEC002C15F7 /* ShellScript */ = {
			isa = PBXShellScriptBuildPhase;
			buildActionMask = 2147483647;
			files = (
			);
			inputFileListPaths = (
			);
			inputPaths = (
			);
			outputFileListPaths = (
			);
			outputPaths = (
			);
			runOnlyForDeploymentPostprocessing = 0;
			shellPath = /bin/sh;
			shellScript = "echo \"Target architectures: $ARCHS\"\n\nAPP_PATH=\"${TARGET_BUILD_DIR}/${WRAPPER_NAME}\"\n\nfind \"$APP_PATH\" -name '*.framework' -type d | while read -r FRAMEWORK\ndo\nFRAMEWORK_EXECUTABLE_NAME=$(defaults read \"$FRAMEWORK/Info.plist\" CFBundleExecutable)\nFRAMEWORK_EXECUTABLE_PATH=\"$FRAMEWORK/$FRAMEWORK_EXECUTABLE_NAME\"\necho \"Executable is $FRAMEWORK_EXECUTABLE_PATH\"\necho $(lipo -info \"$FRAMEWORK_EXECUTABLE_PATH\")\n\nFRAMEWORK_TMP_PATH=\"$FRAMEWORK_EXECUTABLE_PATH-tmp\"\n\n# remove simulator's archs if location is not simulator's directory\ncase \"${TARGET_BUILD_DIR}\" in\n*\"iphonesimulator\")\necho \"No need to remove archs\"\n;;\n*)\nif $(lipo \"$FRAMEWORK_EXECUTABLE_PATH\" -verify_arch \"i386\") ; then\nlipo -output \"$FRAMEWORK_TMP_PATH\" -remove \"i386\" \"$FRAMEWORK_EXECUTABLE_PATH\"\necho \"i386 architecture removed\"\nrm \"$FRAMEWORK_EXECUTABLE_PATH\"\nmv \"$FRAMEWORK_TMP_PATH\" \"$FRAMEWORK_EXECUTABLE_PATH\"\nfi\nif $(lipo \"$FRAMEWORK_EXECUTABLE_PATH\" -verify_arch \"x86_64\") ; then\nlipo -output \"$FRAMEWORK_TMP_PATH\" -remove \"x86_64\" \"$FRAMEWORK_EXECUTABLE_PATH\"\necho \"x86_64 architecture removed\"\nrm \"$FRAMEWORK_EXECUTABLE_PATH\"\nmv \"$FRAMEWORK_TMP_PATH\" \"$FRAMEWORK_EXECUTABLE_PATH\"\nfi\nif $(lipo \"$FRAMEWORK_EXECUTABLE_PATH\" -verify_arch \"armv7\") ; then\nlipo -output \"$FRAMEWORK_TMP_PATH\" -remove \"armv7\" \"$FRAMEWORK_EXECUTABLE_PATH\"\necho \"armv7 architecture removed\"\nrm \"$FRAMEWORK_EXECUTABLE_PATH\"\nmv \"$FRAMEWORK_TMP_PATH\" \"$FRAMEWORK_EXECUTABLE_PATH\"\nfi\n;;\nesac\n\necho \"Completed for executable $FRAMEWORK_EXECUTABLE_PATH\"\necho $(lipo -info \"$FRAMEWORK_EXECUTABLE_PATH\")\n\ndone\n";
		};
		81247CEE21CA689E00643FE4 /* ShellScript */ = {
			isa = PBXShellScriptBuildPhase;
			buildActionMask = 2147483647;
			files = (
			);
			inputFileListPaths = (
			);
			inputPaths = (
			);
			outputFileListPaths = (
			);
			outputPaths = (
			);
			runOnlyForDeploymentPostprocessing = 0;
			shellPath = /bin/sh;
			shellScript = "\"${PODS_ROOT}/Fabric/run\" 9da5b1d770dc9afadf6823e363e12ea2849e48c5 abf6e05f64f497d9c80daf1c99d5d1904ef5548ff0122dabfa82e478ba4a484e\n";
		};
		FB7A6DF1789EB1A83D83A56A /* [CP] Check Pods Manifest.lock */ = {
			isa = PBXShellScriptBuildPhase;
			buildActionMask = 2147483647;
			files = (
			);
			inputFileListPaths = (
			);
			inputPaths = (
				"${PODS_PODFILE_DIR_PATH}/Podfile.lock",
				"${PODS_ROOT}/Manifest.lock",
			);
			name = "[CP] Check Pods Manifest.lock";
			outputFileListPaths = (
			);
			outputPaths = (
				"$(DERIVED_FILE_DIR)/Pods-metawallet-checkManifestLockResult.txt",
			);
			runOnlyForDeploymentPostprocessing = 0;
			shellPath = /bin/sh;
			shellScript = "diff \"${PODS_PODFILE_DIR_PATH}/Podfile.lock\" \"${PODS_ROOT}/Manifest.lock\" > /dev/null\nif [ $? != 0 ] ; then\n    # print error to STDERR\n    echo \"error: The sandbox is not in sync with the Podfile.lock. Run 'pod install' or update your CocoaPods installation.\" >&2\n    exit 1\nfi\n# This output is used by Xcode 'outputs' to avoid re-running this script phase.\necho \"SUCCESS\" > \"${SCRIPT_OUTPUT_FILE_0}\"\n";
			showEnvVarsInLog = 0;
		};
/* End PBXShellScriptBuildPhase section */

/* Begin PBXSourcesBuildPhase section */
		8181EF8E21624D9D00B660A6 /* Sources */ = {
			isa = PBXSourcesBuildPhase;
			buildActionMask = 2147483647;
			files = (
				81C3A4C921E527A2004E636E /* Wallet.swift in Sources */,
				816937C02206E17E008B81EC /* BTCEncryptedMessage+Tests.m in Sources */,
				816937C52206E17E008B81EC /* BTCBlindSignature+Tests.m in Sources */,
				816937DD2206E17E008B81EC /* BTCData+Tests.m in Sources */,
				816937E52206E17E008B81EC /* BTCEncryptedBackup+Tests.m in Sources */,
				816937EA2206E17E008B81EC /* BTCPriceSource+Tests.m in Sources */,
				816937A82206E17E008B81EC /* BTCKeychain+Tests.m in Sources */,
				816937CD2206E17E008B81EC /* BTCEncryptedBackup.m in Sources */,
				816937C22206E17E008B81EC /* BTCEncryptedMessage.m in Sources */,
				81C3593F21BFFBB7004F27A7 /* Pinger.swift in Sources */,
				816937C62206E17E008B81EC /* BTCBase58+Tests.m in Sources */,
				816937B72206E17E008B81EC /* BTCOpcode.m in Sources */,
				816937D82206E17E008B81EC /* BTCTransactionBuilder.m in Sources */,
				816937CE2206E17E008B81EC /* BTCMerkleTree+Tests.m in Sources */,
				816937DF2206E17E008B81EC /* BTCSecretSharing.m in Sources */,
				8181EF9821624D9D00B660A6 /* MainViewController.swift in Sources */,
				816937CF2206E17E008B81EC /* BTCPaymentMethodRequest.m in Sources */,
				816937D42206E17E008B81EC /* BTCScriptMachine.m in Sources */,
				816937C32206E17E008B81EC /* BTCPaymentMethod.m in Sources */,
				816937B62206E17E008B81EC /* BTCPaymentRequest.m in Sources */,
				816937B52206E17E008B81EC /* BTCProtocolSerialization+Tests.m in Sources */,
				816937E12206E17E008B81EC /* BTCAssetAddress.m in Sources */,
				816937A92206E17E008B81EC /* BTCScript.m in Sources */,
				816937D32206E17E008B81EC /* NSData+BTCData.m in Sources */,
				816937DB2206E17E008B81EC /* BTCBlock.m in Sources */,
				816937D72206E17E008B81EC /* BTCTransaction+Tests.m in Sources */,
				816937AB2206E17E008B81EC /* BTCBase58.m in Sources */,
				816937B22206E17E008B81EC /* BTC256.m in Sources */,
				816937D02206E17E008B81EC /* BTCProtocolSerialization.m in Sources */,
				816937D12206E17E008B81EC /* BTCMnemonic+Tests.m in Sources */,
				816937CA2206E17E008B81EC /* BTCFancyEncryptedMessage+Tests.m in Sources */,
				816937DC2206E17E008B81EC /* NS+BTCBase58.m in Sources */,
				816937B92206E17E008B81EC /* BTCNetwork.m in Sources */,
				816937B02206E17E008B81EC /* BTCBlindSignature.m in Sources */,
				816937B42206E17E008B81EC /* BTCPriceSource.m in Sources */,
				816937BC2206E17E008B81EC /* BTCAssetType.m in Sources */,
				815FEF6121C214A10044AB5F /* BridgeCommander.swift in Sources */,
				816937A72206E17E008B81EC /* BTCCurvePoint+Tests.m in Sources */,
				816937C92206E17E008B81EC /* BTCKey.m in Sources */,
				816937CC2206E17E008B81EC /* BTCBigNumber.m in Sources */,
				816937C42206E17E008B81EC /* BTCKeychain.m in Sources */,
				816937E92206E17E008B81EC /* BTCPaymentProtocol.m in Sources */,
				816937B32206E17E008B81EC /* BTCFancyEncryptedMessage.m in Sources */,
				816937B12206E17E008B81EC /* BTCCurrencyConverter+Tests.m in Sources */,
				816937E22206E17E008B81EC /* BTCProtocolBuffers.m in Sources */,
				816937E72206E17E008B81EC /* BTCBigNumber+Tests.m in Sources */,
				816937AF2206E17E008B81EC /* BTCHashID.m in Sources */,
				816937E82206E17E008B81EC /* BTC256+Tests.m in Sources */,
				816937E02206E17E008B81EC /* BTCPaymentMethodDetails.m in Sources */,
				815CD0BF21DD73E200D6EB39 /* Storage.swift in Sources */,
				81B1651F21E8D4CA00A89984 /* WalletService.swift in Sources */,
				816937DE2206E17E008B81EC /* BTCCurrencyConverter.m in Sources */,
				816937E62206E17E008B81EC /* BTCChainCom.m in Sources */,
				816937BD2206E17E008B81EC /* BTCBlockchainInfo.m in Sources */,
				816937E42206E17E008B81EC /* BTCBitcoinURL+Tests.m in Sources */,
				816937AA2206E17E008B81EC /* BTCMerkleTree.m in Sources */,
				816937C72206E17E008B81EC /* BTCBlockchainInfo+Tests.m in Sources */,
				81C3594121BFFEDE004F27A7 /* HostProvider.swift in Sources */,
				811D99CD21EF2D9C002C15F7 /* WebKitHelper.swift in Sources */,
				81B1651E21E8D4CA00A89984 /* KeyFormatter.m in Sources */,
				816937DA2206E17E008B81EC /* BTCAssetID.m in Sources */,
				816937BA2206E17E008B81EC /* BTCScript+Tests.m in Sources */,
				81B1651D21E8D4CA00A89984 /* Hashing.m in Sources */,
				816937D52206E17E008B81EC /* BTCKey+Tests.m in Sources */,
				816937C82206E17E008B81EC /* BTCTransactionInput.m in Sources */,
				816937A62206E17E008B81EC /* BTCBitcoinURL.m in Sources */,
				8181EF9621624D9D00B660A6 /* AppDelegate.swift in Sources */,
				816937CB2206E17E008B81EC /* BTCCurvePoint.m in Sources */,
				816937BE2206E17E008B81EC /* BTCOutpoint.m in Sources */,
				816937AC2206E17E008B81EC /* BTCQRCode.m in Sources */,
				816937AD2206E17E008B81EC /* BTCAddress+Tests.m in Sources */,
				816937B82206E17E008B81EC /* BTCAddress.m in Sources */,
				816937AE2206E17E008B81EC /* BTCProcessor.m in Sources */,
				816937BB2206E17E008B81EC /* BTCTransaction.m in Sources */,
				816937C12206E17E008B81EC /* BTCNumberFormatter.m in Sources */,
				816937E32206E17E008B81EC /* BTCBlockHeader.m in Sources */,
				816937D62206E17E008B81EC /* BTCData.m in Sources */,
				816937D92206E17E008B81EC /* BTCErrors.m in Sources */,
				8140EF2021C90DAD00D8B149 /* APIClient.swift in Sources */,
				816937BF2206E17E008B81EC /* BTCTransactionOutput.m in Sources */,
				816937D22206E17E008B81EC /* BTCMnemonic.m in Sources */,
			);
			runOnlyForDeploymentPostprocessing = 0;
		};
/* End PBXSourcesBuildPhase section */

/* Begin PBXVariantGroup section */
		8181EF9921624D9D00B660A6 /* Main.storyboard */ = {
			isa = PBXVariantGroup;
			children = (
				8181EF9A21624D9D00B660A6 /* Base */,
			);
			name = Main.storyboard;
			sourceTree = "<group>";
		};
		8181EF9E21624D9F00B660A6 /* LaunchScreen.storyboard */ = {
			isa = PBXVariantGroup;
			children = (
				8181EF9F21624D9F00B660A6 /* Base */,
			);
			name = LaunchScreen.storyboard;
			sourceTree = "<group>";
		};
/* End PBXVariantGroup section */

/* Begin XCBuildConfiguration section */
		8181EFA221624D9F00B660A6 /* Debug */ = {
			isa = XCBuildConfiguration;
			buildSettings = {
				ALWAYS_SEARCH_USER_PATHS = NO;
				CLANG_ANALYZER_NONNULL = YES;
				CLANG_ANALYZER_NUMBER_OBJECT_CONVERSION = YES_AGGRESSIVE;
				CLANG_CXX_LANGUAGE_STANDARD = "gnu++14";
				CLANG_CXX_LIBRARY = "libc++";
				CLANG_ENABLE_MODULES = YES;
				CLANG_ENABLE_OBJC_ARC = YES;
				CLANG_ENABLE_OBJC_WEAK = YES;
				CLANG_WARN_BLOCK_CAPTURE_AUTORELEASING = YES;
				CLANG_WARN_BOOL_CONVERSION = YES;
				CLANG_WARN_COMMA = YES;
				CLANG_WARN_CONSTANT_CONVERSION = YES;
				CLANG_WARN_DEPRECATED_OBJC_IMPLEMENTATIONS = YES;
				CLANG_WARN_DIRECT_OBJC_ISA_USAGE = YES_ERROR;
				CLANG_WARN_DOCUMENTATION_COMMENTS = YES;
				CLANG_WARN_EMPTY_BODY = YES;
				CLANG_WARN_ENUM_CONVERSION = YES;
				CLANG_WARN_INFINITE_RECURSION = YES;
				CLANG_WARN_INT_CONVERSION = YES;
				CLANG_WARN_NON_LITERAL_NULL_CONVERSION = YES;
				CLANG_WARN_OBJC_IMPLICIT_RETAIN_SELF = YES;
				CLANG_WARN_OBJC_LITERAL_CONVERSION = YES;
				CLANG_WARN_OBJC_ROOT_CLASS = YES_ERROR;
				CLANG_WARN_RANGE_LOOP_ANALYSIS = YES;
				CLANG_WARN_STRICT_PROTOTYPES = YES;
				CLANG_WARN_SUSPICIOUS_MOVE = YES;
				CLANG_WARN_UNGUARDED_AVAILABILITY = YES_AGGRESSIVE;
				CLANG_WARN_UNREACHABLE_CODE = YES;
				CLANG_WARN__DUPLICATE_METHOD_MATCH = YES;
				CODE_SIGN_IDENTITY = "iPhone Distribution";
				COPY_PHASE_STRIP = NO;
				DEBUG_INFORMATION_FORMAT = dwarf;
				DEVELOPMENT_TEAM = PFFDVPVH43;
				ENABLE_BITCODE = NO;
				ENABLE_STRICT_OBJC_MSGSEND = YES;
				ENABLE_TESTABILITY = YES;
				GCC_C_LANGUAGE_STANDARD = gnu11;
				GCC_DYNAMIC_NO_PIC = NO;
				GCC_NO_COMMON_BLOCKS = YES;
				GCC_OPTIMIZATION_LEVEL = 0;
				GCC_PREPROCESSOR_DEFINITIONS = (
					"DEBUG=1",
					"$(inherited)",
				);
				GCC_WARN_64_TO_32_BIT_CONVERSION = YES;
				GCC_WARN_ABOUT_RETURN_TYPE = YES_ERROR;
				GCC_WARN_UNDECLARED_SELECTOR = YES;
				GCC_WARN_UNINITIALIZED_AUTOS = YES_AGGRESSIVE;
				GCC_WARN_UNUSED_FUNCTION = YES;
				GCC_WARN_UNUSED_VARIABLE = YES;
				IPHONEOS_DEPLOYMENT_TARGET = 12.0;
				MTL_ENABLE_DEBUG_INFO = INCLUDE_SOURCE;
				MTL_FAST_MATH = YES;
				ONLY_ACTIVE_ARCH = YES;
				SDKROOT = iphoneos;
				SWIFT_ACTIVE_COMPILATION_CONDITIONS = DEBUG;
				SWIFT_OPTIMIZATION_LEVEL = "-Onone";
			};
			name = Debug;
		};
		8181EFA321624D9F00B660A6 /* Release */ = {
			isa = XCBuildConfiguration;
			buildSettings = {
				ALWAYS_SEARCH_USER_PATHS = NO;
				CLANG_ANALYZER_NONNULL = YES;
				CLANG_ANALYZER_NUMBER_OBJECT_CONVERSION = YES_AGGRESSIVE;
				CLANG_CXX_LANGUAGE_STANDARD = "gnu++14";
				CLANG_CXX_LIBRARY = "libc++";
				CLANG_ENABLE_MODULES = YES;
				CLANG_ENABLE_OBJC_ARC = YES;
				CLANG_ENABLE_OBJC_WEAK = YES;
				CLANG_WARN_BLOCK_CAPTURE_AUTORELEASING = YES;
				CLANG_WARN_BOOL_CONVERSION = YES;
				CLANG_WARN_COMMA = YES;
				CLANG_WARN_CONSTANT_CONVERSION = YES;
				CLANG_WARN_DEPRECATED_OBJC_IMPLEMENTATIONS = YES;
				CLANG_WARN_DIRECT_OBJC_ISA_USAGE = YES_ERROR;
				CLANG_WARN_DOCUMENTATION_COMMENTS = YES;
				CLANG_WARN_EMPTY_BODY = YES;
				CLANG_WARN_ENUM_CONVERSION = YES;
				CLANG_WARN_INFINITE_RECURSION = YES;
				CLANG_WARN_INT_CONVERSION = YES;
				CLANG_WARN_NON_LITERAL_NULL_CONVERSION = YES;
				CLANG_WARN_OBJC_IMPLICIT_RETAIN_SELF = YES;
				CLANG_WARN_OBJC_LITERAL_CONVERSION = YES;
				CLANG_WARN_OBJC_ROOT_CLASS = YES_ERROR;
				CLANG_WARN_RANGE_LOOP_ANALYSIS = YES;
				CLANG_WARN_STRICT_PROTOTYPES = YES;
				CLANG_WARN_SUSPICIOUS_MOVE = YES;
				CLANG_WARN_UNGUARDED_AVAILABILITY = YES_AGGRESSIVE;
				CLANG_WARN_UNREACHABLE_CODE = YES;
				CLANG_WARN__DUPLICATE_METHOD_MATCH = YES;
				CODE_SIGN_IDENTITY = "iPhone Distribution";
				COPY_PHASE_STRIP = NO;
				DEBUG_INFORMATION_FORMAT = "dwarf-with-dsym";
				DEVELOPMENT_TEAM = PFFDVPVH43;
				ENABLE_BITCODE = NO;
				ENABLE_NS_ASSERTIONS = NO;
				ENABLE_STRICT_OBJC_MSGSEND = YES;
				GCC_C_LANGUAGE_STANDARD = gnu11;
				GCC_NO_COMMON_BLOCKS = YES;
				GCC_WARN_64_TO_32_BIT_CONVERSION = YES;
				GCC_WARN_ABOUT_RETURN_TYPE = YES_ERROR;
				GCC_WARN_UNDECLARED_SELECTOR = YES;
				GCC_WARN_UNINITIALIZED_AUTOS = YES_AGGRESSIVE;
				GCC_WARN_UNUSED_FUNCTION = YES;
				GCC_WARN_UNUSED_VARIABLE = YES;
				IPHONEOS_DEPLOYMENT_TARGET = 12.0;
				MTL_ENABLE_DEBUG_INFO = NO;
				MTL_FAST_MATH = YES;
				SDKROOT = iphoneos;
				SWIFT_COMPILATION_MODE = wholemodule;
				SWIFT_OPTIMIZATION_LEVEL = "-O";
				VALIDATE_PRODUCT = YES;
			};
			name = Release;
		};
		8181EFA521624D9F00B660A6 /* Debug */ = {
			isa = XCBuildConfiguration;
			baseConfigurationReference = 3681D5265CC0CB428CA5C2C3 /* Pods-metawallet.debug.xcconfig */;
			buildSettings = {
				ASSETCATALOG_COMPILER_APPICON_NAME = AppIcon;
				CLANG_ENABLE_MODULES = YES;
				CODE_SIGN_IDENTITY = "iPhone Developer";
				CODE_SIGN_STYLE = Manual;
				DEVELOPMENT_TEAM = PFFDVPVH43;
				ENABLE_BITCODE = NO;
				FRAMEWORK_SEARCH_PATHS = (
					"$(inherited)",
					"$(PROJECT_DIR)/metawallet/Vendor",
					"$(PROJECT_DIR)/metawallet/Vendor/CoreBitcoin",
				);
				INFOPLIST_FILE = metawallet/Info.plist;
				IPHONEOS_DEPLOYMENT_TARGET = 11.2;
				LD_RUNPATH_SEARCH_PATHS = (
					"$(inherited)",
					"@executable_path/Frameworks",
				);
				LIBRARY_SEARCH_PATHS = (
					"$(inherited)",
					"$(PROJECT_DIR)/metawallet/Vendor/CoreBitcoin",
					"$(PROJECT_DIR)/metawallet/Vendor/CoreBitcoin/openssl",
				);
				PRODUCT_BUNDLE_IDENTIFIER = org.metahash.metawallet;
				PRODUCT_NAME = "$(TARGET_NAME)";
				PROVISIONING_PROFILE_SPECIFIER = "MetaWallet Dev";
				SWIFT_OBJC_BRIDGING_HEADER = "metawallet/metawallet-Bridging-Header.h";
				SWIFT_OPTIMIZATION_LEVEL = "-Onone";
				SWIFT_VERSION = 4.2;
				TARGETED_DEVICE_FAMILY = 1;
			};
			name = Debug;
		};
		8181EFA621624D9F00B660A6 /* Release */ = {
			isa = XCBuildConfiguration;
			baseConfigurationReference = A6A10872236301B2F9A5E447 /* Pods-metawallet.release.xcconfig */;
			buildSettings = {
				ASSETCATALOG_COMPILER_APPICON_NAME = AppIcon;
				CLANG_ENABLE_MODULES = YES;
				CODE_SIGN_IDENTITY = "iPhone Developer";
				CODE_SIGN_STYLE = Manual;
				DEVELOPMENT_TEAM = PFFDVPVH43;
				ENABLE_BITCODE = NO;
				FRAMEWORK_SEARCH_PATHS = (
					"$(inherited)",
					"$(PROJECT_DIR)/metawallet/Vendor",
					"$(PROJECT_DIR)/metawallet/Vendor/CoreBitcoin",
				);
				INFOPLIST_FILE = metawallet/Info.plist;
				IPHONEOS_DEPLOYMENT_TARGET = 11.2;
				LD_RUNPATH_SEARCH_PATHS = (
					"$(inherited)",
					"@executable_path/Frameworks",
				);
				LIBRARY_SEARCH_PATHS = (
					"$(inherited)",
					"$(PROJECT_DIR)/metawallet/Vendor/CoreBitcoin",
					"$(PROJECT_DIR)/metawallet/Vendor/CoreBitcoin/openssl",
				);
				PRODUCT_BUNDLE_IDENTIFIER = org.metahash.metawallet;
				PRODUCT_NAME = "$(TARGET_NAME)";
				PROVISIONING_PROFILE_SPECIFIER = "MetaWallet Dev";
				SWIFT_OBJC_BRIDGING_HEADER = "metawallet/metawallet-Bridging-Header.h";
				SWIFT_VERSION = 4.2;
				TARGETED_DEVICE_FAMILY = 1;
			};
			name = Release;
		};
/* End XCBuildConfiguration section */

/* Begin XCConfigurationList section */
		8181EF8D21624D9D00B660A6 /* Build configuration list for PBXProject "metawallet" */ = {
			isa = XCConfigurationList;
			buildConfigurations = (
				8181EFA221624D9F00B660A6 /* Debug */,
				8181EFA321624D9F00B660A6 /* Release */,
			);
			defaultConfigurationIsVisible = 0;
			defaultConfigurationName = Release;
		};
		8181EFA421624D9F00B660A6 /* Build configuration list for PBXNativeTarget "metawallet" */ = {
			isa = XCConfigurationList;
			buildConfigurations = (
				8181EFA521624D9F00B660A6 /* Debug */,
				8181EFA621624D9F00B660A6 /* Release */,
			);
			defaultConfigurationIsVisible = 0;
			defaultConfigurationName = Release;
		};
/* End XCConfigurationList section */
	};
	rootObject = 8181EF8A21624D9D00B660A6 /* Project object */;
}
